
Microsoft Visual Studio Solution File, Format Version 12.00
# Visual Studio 15
VisualStudioVersion = 15.0.28307.539
MinimumVisualStudioVersion = 10.0.40219.1
Project("{FAE04EC0-301F-11D3-BF4B-00C04F79EFBC}") = "CentraleRischiR2", "CentraleRischiR2\CentraleRischiR2.csproj", "{748534BF-130F-4F10-827B-B334482B4EF6}"
EndProject
Project("{FAE04EC0-301F-11D3-BF4B-00C04F79EFBC}") = "CentraleRischiR2Library", "CentraleRischiR2Library\CentraleRischiR2Library.csproj", "{606A6219-5D80-44A4-90F5-0C02846095BD}"
EndProject
Project("{FAE04EC0-301F-11D3-BF4B-00C04F79EFBC}") = "InvioRecuperoCrediti", "InvioRecuperoCrediti\InvioRecuperoCrediti.csproj", "{C3FA730C-FFAD-4D33-A998-DCC8DED19D2E}"
EndProject
Project("{FAE04EC0-301F-11D3-BF4B-00C04F79EFBC}") = "ImportOsservaCentraleRischi", "ImportOsservaCentraleRischiR2\ImportOsservaCentraleRischi.csproj", "{DA05AFDE-2519-431B-83F3-CB7C9E347940}"
EndProject
Project("{FAE04EC0-301F-11D3-BF4B-00C04F79EFBC}") = "Library", "Library\Library.csproj", "{5AEDA352-B691-48A9-8E6B-CFC604EFC3C0}"
EndProject
Project("{FAE04EC0-301F-11D3-BF4B-00C04F79EFBC}") = "CheckCervedUpdate", "CheckCervedUpdate\CheckCervedUpdate.csproj", "{8DBA9881-645F-4E57-8E69-395D6AF0674F}"
EndProject
Project("{FAE04EC0-301F-11D3-BF4B-00C04F79EFBC}") = "InvioAziendaR3Payline", "InvioAziendaR2Payline\InvioAziendaR3Payline.csproj", "{1EBE3A8B-31E5-4178-94EA-4459588D55F1}"
EndProject
Project("{FAE04EC0-301F-11D3-BF4B-00C04F79EFBC}") = "ReportTester", "ReportTester\ReportTester.csproj", "{57FD96ED-6756-47C7-9787-2FBA8F718D16}"
EndProject
Project("{FAE04EC0-301F-11D3-BF4B-00C04F79EFBC}") = "MonitoraggioCs", "MonitoraggioCs\MonitoraggioCs.csproj", "{444C0967-3AD4-41F1-B3B5-F2ECE3FE2181}"
EndProject
Project("{FAE04EC0-301F-11D3-BF4B-00C04F79EFBC}") = "FtpCS", "FtpCS\FtpCS.csproj", "{A45BAA57-8B25-4BBB-ADD9-A40D87073E65}"
EndProject
Project("{FAE04EC0-301F-11D3-BF4B-00C04F79EFBC}") = "ImportPdfCSMassivo", "ImportPdfCSMassivo\ImportPdfCSMassivo.csproj", "{B8E34A48-6498-4DDE-9FB1-E84BBED9CE1D}"
EndProject
Project("{FAE04EC0-301F-11D3-BF4B-00C04F79EFBC}") = "UpdatePreferiti", "UpdatePreferiti\UpdatePreferiti.csproj", "{248D0136-9796-49E1-BA5C-5D62324C898E}"
EndProject
Project("{FAE04EC0-301F-11D3-BF4B-00C04F79EFBC}") = "UpdatePrefer", "UpdatePrefer\UpdatePrefer.csproj", "{69DD6020-06D1-42B8-B4D9-268D8371E7EA}"
EndProject
Project("{FAE04EC0-301F-11D3-BF4B-00C04F79EFBC}") = "CentraleRischiR2LibraryTests", "CentraleRischiR2LibraryTests\CentraleRischiR2LibraryTests.csproj", "{7BB6E615-D3B4-44DA-9A99-E6452C59760B}"
EndProject
Project("{FAE04EC0-301F-11D3-BF4B-00C04F79EFBC}") = "AggregazioneSaldi", "ConsoleApp5\AggregazioneSaldi.csproj", "{2B36B3B9-4EE1-490E-8EC6-948E9C30F3D7}"
EndProject
Project("{FAE04EC0-301F-11D3-BF4B-00C04F79EFBC}") = "AnagReviewPdf", "ConsoleApp6\AnagReviewPdf.csproj", "{9AAF61B2-767B-426E-9068-8F6059E5AA53}"
EndProject
Project("{FAE04EC0-301F-11D3-BF4B-00C04F79EFBC}") = "InvioDatiOp", "ConsoleApp7\InvioDatiOp.csproj", "{6B6F6753-A26D-4041-81B8-00AC31B47261}"
EndProject
Project("{FAE04EC0-301F-11D3-BF4B-00C04F79EFBC}") = "UploadMysqlBKp", "UploadMysqlBKp\UploadMysqlBKp.csproj", "{34350262-70D4-43ED-A5EC-AF7CB2765586}"
EndProject
Project("{FAE04EC0-301F-11D3-BF4B-00C04F79EFBC}") = "DeloitMassivo", "DeloitMassivo\DeloitMassivo.csproj", "{857BAB94-34E6-45F2-9C77-3E0B6EA2D732}"
	ProjectSection(ProjectDependencies) = postProject
		{606A6219-5D80-44A4-90F5-0C02846095BD} = {606A6219-5D80-44A4-90F5-0C02846095BD}
	EndProjectSection
EndProject
Global
	GlobalSection(SolutionConfigurationPlatforms) = preSolution
		Debug|Android = Debug|Android
		Debug|Any CPU = Debug|Any CPU
		Debug|iOS = Debug|iOS
		Debug|Mixed Platforms = Debug|Mixed Platforms
		Debug|Windows Phone (Universal) = Debug|Windows Phone (Universal)
		Debug|Windows Phone 8 = Debug|Windows Phone 8
		Debug|Windows-AnyCPU = Debug|Windows-AnyCPU
		Debug|Windows-ARM = Debug|Windows-ARM
		Debug|Windows-x64 = Debug|Windows-x64
		Debug|Windows-x86 = Debug|Windows-x86
		Debug|x64 = Debug|x64
		Debug|x86 = Debug|x86
		Release|Android = Release|Android
		Release|Any CPU = Release|Any CPU
		Release|iOS = Release|iOS
		Release|Mixed Platforms = Release|Mixed Platforms
		Release|Windows Phone (Universal) = Release|Windows Phone (Universal)
		Release|Windows Phone 8 = Release|Windows Phone 8
		Release|Windows-AnyCPU = Release|Windows-AnyCPU
		Release|Windows-ARM = Release|Windows-ARM
		Release|Windows-x64 = Release|Windows-x64
		Release|Windows-x86 = Release|Windows-x86
		Release|x64 = Release|x64
		Release|x86 = Release|x86
	EndGlobalSection
	GlobalSection(ProjectConfigurationPlatforms) = postSolution
		{748534BF-130F-4F10-827B-B334482B4EF6}.Debug|Android.ActiveCfg = Debug|Any CPU
		{748534BF-130F-4F10-827B-B334482B4EF6}.Debug|Android.Build.0 = Debug|Any CPU
		{748534BF-130F-4F10-827B-B334482B4EF6}.Debug|Any CPU.ActiveCfg = Debug|Any CPU
		{748534BF-130F-4F10-827B-B334482B4EF6}.Debug|Any CPU.Build.0 = Debug|Any CPU
		{748534BF-130F-4F10-827B-B334482B4EF6}.Debug|iOS.ActiveCfg = Debug|Any CPU
		{748534BF-130F-4F10-827B-B334482B4EF6}.Debug|iOS.Build.0 = Debug|Any CPU
		{748534BF-130F-4F10-827B-B334482B4EF6}.Debug|Mixed Platforms.ActiveCfg = Debug|Any CPU
		{748534BF-130F-4F10-827B-B334482B4EF6}.Debug|Mixed Platforms.Build.0 = Debug|Any CPU
		{748534BF-130F-4F10-827B-B334482B4EF6}.Debug|Windows Phone (Universal).ActiveCfg = Debug|Any CPU
		{748534BF-130F-4F10-827B-B334482B4EF6}.Debug|Windows Phone (Universal).Build.0 = Debug|Any CPU
		{748534BF-130F-4F10-827B-B334482B4EF6}.Debug|Windows Phone 8.ActiveCfg = Debug|Any CPU
		{748534BF-130F-4F10-827B-B334482B4EF6}.Debug|Windows Phone 8.Build.0 = Debug|Any CPU
		{748534BF-130F-4F10-827B-B334482B4EF6}.Debug|Windows-AnyCPU.ActiveCfg = Debug|Any CPU
		{748534BF-130F-4F10-827B-B334482B4EF6}.Debug|Windows-AnyCPU.Build.0 = Debug|Any CPU
		{748534BF-130F-4F10-827B-B334482B4EF6}.Debug|Windows-ARM.ActiveCfg = Debug|Any CPU
		{748534BF-130F-4F10-827B-B334482B4EF6}.Debug|Windows-ARM.Build.0 = Debug|Any CPU
		{748534BF-130F-4F10-827B-B334482B4EF6}.Debug|Windows-x64.ActiveCfg = Debug|Any CPU
		{748534BF-130F-4F10-827B-B334482B4EF6}.Debug|Windows-x64.Build.0 = Debug|Any CPU
		{748534BF-130F-4F10-827B-B334482B4EF6}.Debug|Windows-x86.ActiveCfg = Debug|Any CPU
		{748534BF-130F-4F10-827B-B334482B4EF6}.Debug|Windows-x86.Build.0 = Debug|Any CPU
		{748534BF-130F-4F10-827B-B334482B4EF6}.Debug|x64.ActiveCfg = Debug|Any CPU
		{748534BF-130F-4F10-827B-B334482B4EF6}.Debug|x64.Build.0 = Debug|Any CPU
		{748534BF-130F-4F10-827B-B334482B4EF6}.Debug|x86.ActiveCfg = Debug|Any CPU
		{748534BF-130F-4F10-827B-B334482B4EF6}.Release|Android.ActiveCfg = Release|Any CPU
		{748534BF-130F-4F10-827B-B334482B4EF6}.Release|Android.Build.0 = Release|Any CPU
		{748534BF-130F-4F10-827B-B334482B4EF6}.Release|Any CPU.ActiveCfg = Release|Any CPU
		{748534BF-130F-4F10-827B-B334482B4EF6}.Release|Any CPU.Build.0 = Release|Any CPU
		{748534BF-130F-4F10-827B-B334482B4EF6}.Release|iOS.ActiveCfg = Release|Any CPU
		{748534BF-130F-4F10-827B-B334482B4EF6}.Release|iOS.Build.0 = Release|Any CPU
		{748534BF-130F-4F10-827B-B334482B4EF6}.Release|Mixed Platforms.ActiveCfg = Release|Any CPU
		{748534BF-130F-4F10-827B-B334482B4EF6}.Release|Mixed Platforms.Build.0 = Release|Any CPU
		{748534BF-130F-4F10-827B-B334482B4EF6}.Release|Windows Phone (Universal).ActiveCfg = Release|Any CPU
		{748534BF-130F-4F10-827B-B334482B4EF6}.Release|Windows Phone (Universal).Build.0 = Release|Any CPU
		{748534BF-130F-4F10-827B-B334482B4EF6}.Release|Windows Phone 8.ActiveCfg = Release|Any CPU
		{748534BF-130F-4F10-827B-B334482B4EF6}.Release|Windows Phone 8.Build.0 = Release|Any CPU
		{748534BF-130F-4F10-827B-B334482B4EF6}.Release|Windows-AnyCPU.ActiveCfg = Release|Any CPU
		{748534BF-130F-4F10-827B-B334482B4EF6}.Release|Windows-AnyCPU.Build.0 = Release|Any CPU
		{748534BF-130F-4F10-827B-B334482B4EF6}.Release|Windows-ARM.ActiveCfg = Release|Any CPU
		{748534BF-130F-4F10-827B-B334482B4EF6}.Release|Windows-ARM.Build.0 = Release|Any CPU
		{748534BF-130F-4F10-827B-B334482B4EF6}.Release|Windows-x64.ActiveCfg = Release|Any CPU
		{748534BF-130F-4F10-827B-B334482B4EF6}.Release|Windows-x64.Build.0 = Release|Any CPU
		{748534BF-130F-4F10-827B-B334482B4EF6}.Release|Windows-x86.ActiveCfg = Release|Any CPU
		{748534BF-130F-4F10-827B-B334482B4EF6}.Release|Windows-x86.Build.0 = Release|Any CPU
		{748534BF-130F-4F10-827B-B334482B4EF6}.Release|x64.ActiveCfg = Release|Any CPU
		{748534BF-130F-4F10-827B-B334482B4EF6}.Release|x64.Build.0 = Release|Any CPU
		{748534BF-130F-4F10-827B-B334482B4EF6}.Release|x86.ActiveCfg = Release|Any CPU
		{606A6219-5D80-44A4-90F5-0C02846095BD}.Debug|Android.ActiveCfg = Debug|Any CPU
		{606A6219-5D80-44A4-90F5-0C02846095BD}.Debug|Android.Build.0 = Debug|Any CPU
		{606A6219-5D80-44A4-90F5-0C02846095BD}.Debug|Any CPU.ActiveCfg = Debug|Any CPU
		{606A6219-5D80-44A4-90F5-0C02846095BD}.Debug|Any CPU.Build.0 = Debug|Any CPU
		{606A6219-5D80-44A4-90F5-0C02846095BD}.Debug|iOS.ActiveCfg = Debug|Any CPU
		{606A6219-5D80-44A4-90F5-0C02846095BD}.Debug|iOS.Build.0 = Debug|Any CPU
		{606A6219-5D80-44A4-90F5-0C02846095BD}.Debug|Mixed Platforms.ActiveCfg = Debug|Any CPU
		{606A6219-5D80-44A4-90F5-0C02846095BD}.Debug|Mixed Platforms.Build.0 = Debug|Any CPU
		{606A6219-5D80-44A4-90F5-0C02846095BD}.Debug|Windows Phone (Universal).ActiveCfg = Debug|Any CPU
		{606A6219-5D80-44A4-90F5-0C02846095BD}.Debug|Windows Phone (Universal).Build.0 = Debug|Any CPU
		{606A6219-5D80-44A4-90F5-0C02846095BD}.Debug|Windows Phone 8.ActiveCfg = Debug|Any CPU
		{606A6219-5D80-44A4-90F5-0C02846095BD}.Debug|Windows Phone 8.Build.0 = Debug|Any CPU
		{606A6219-5D80-44A4-90F5-0C02846095BD}.Debug|Windows-AnyCPU.ActiveCfg = Debug|Any CPU
		{606A6219-5D80-44A4-90F5-0C02846095BD}.Debug|Windows-AnyCPU.Build.0 = Debug|Any CPU
		{606A6219-5D80-44A4-90F5-0C02846095BD}.Debug|Windows-ARM.ActiveCfg = Debug|Any CPU
		{606A6219-5D80-44A4-90F5-0C02846095BD}.Debug|Windows-ARM.Build.0 = Debug|Any CPU
		{606A6219-5D80-44A4-90F5-0C02846095BD}.Debug|Windows-x64.ActiveCfg = Debug|Any CPU
		{606A6219-5D80-44A4-90F5-0C02846095BD}.Debug|Windows-x64.Build.0 = Debug|Any CPU
		{606A6219-5D80-44A4-90F5-0C02846095BD}.Debug|Windows-x86.ActiveCfg = Debug|Any CPU
		{606A6219-5D80-44A4-90F5-0C02846095BD}.Debug|Windows-x86.Build.0 = Debug|Any CPU
		{606A6219-5D80-44A4-90F5-0C02846095BD}.Debug|x64.ActiveCfg = Debug|Any CPU
		{606A6219-5D80-44A4-90F5-0C02846095BD}.Debug|x64.Build.0 = Debug|Any CPU
		{606A6219-5D80-44A4-90F5-0C02846095BD}.Debug|x86.ActiveCfg = Debug|Any CPU
		{606A6219-5D80-44A4-90F5-0C02846095BD}.Release|Android.ActiveCfg = Release|Any CPU
		{606A6219-5D80-44A4-90F5-0C02846095BD}.Release|Android.Build.0 = Release|Any CPU
		{606A6219-5D80-44A4-90F5-0C02846095BD}.Release|Any CPU.ActiveCfg = Release|Any CPU
		{606A6219-5D80-44A4-90F5-0C02846095BD}.Release|Any CPU.Build.0 = Release|Any CPU
		{606A6219-5D80-44A4-90F5-0C02846095BD}.Release|iOS.ActiveCfg = Release|Any CPU
		{606A6219-5D80-44A4-90F5-0C02846095BD}.Release|iOS.Build.0 = Release|Any CPU
		{606A6219-5D80-44A4-90F5-0C02846095BD}.Release|Mixed Platforms.ActiveCfg = Release|Any CPU
		{606A6219-5D80-44A4-90F5-0C02846095BD}.Release|Mixed Platforms.Build.0 = Release|Any CPU
		{606A6219-5D80-44A4-90F5-0C02846095BD}.Release|Windows Phone (Universal).ActiveCfg = Release|Any CPU
		{606A6219-5D80-44A4-90F5-0C02846095BD}.Release|Windows Phone (Universal).Build.0 = Release|Any CPU
		{606A6219-5D80-44A4-90F5-0C02846095BD}.Release|Windows Phone 8.ActiveCfg = Release|Any CPU
		{606A6219-5D80-44A4-90F5-0C02846095BD}.Release|Windows Phone 8.Build.0 = Release|Any CPU
		{606A6219-5D80-44A4-90F5-0C02846095BD}.Release|Windows-AnyCPU.ActiveCfg = Release|Any CPU
		{606A6219-5D80-44A4-90F5-0C02846095BD}.Release|Windows-AnyCPU.Build.0 = Release|Any CPU
		{606A6219-5D80-44A4-90F5-0C02846095BD}.Release|Windows-ARM.ActiveCfg = Release|Any CPU
		{606A6219-5D80-44A4-90F5-0C02846095BD}.Release|Windows-ARM.Build.0 = Release|Any CPU
		{606A6219-5D80-44A4-90F5-0C02846095BD}.Release|Windows-x64.ActiveCfg = Release|Any CPU
		{606A6219-5D80-44A4-90F5-0C02846095BD}.Release|Windows-x64.Build.0 = Release|Any CPU
		{606A6219-5D80-44A4-90F5-0C02846095BD}.Release|Windows-x86.ActiveCfg = Release|Any CPU
		{606A6219-5D80-44A4-90F5-0C02846095BD}.Release|Windows-x86.Build.0 = Release|Any CPU
		{606A6219-5D80-44A4-90F5-0C02846095BD}.Release|x64.ActiveCfg = Release|Any CPU
		{606A6219-5D80-44A4-90F5-0C02846095BD}.Release|x64.Build.0 = Release|Any CPU
		{606A6219-5D80-44A4-90F5-0C02846095BD}.Release|x86.ActiveCfg = Release|Any CPU
		{C3FA730C-FFAD-4D33-A998-DCC8DED19D2E}.Debug|Android.ActiveCfg = Debug|x86
		{C3FA730C-FFAD-4D33-A998-DCC8DED19D2E}.Debug|Any CPU.ActiveCfg = Debug|x86
		{C3FA730C-FFAD-4D33-A998-DCC8DED19D2E}.Debug|iOS.ActiveCfg = Debug|x86
		{C3FA730C-FFAD-4D33-A998-DCC8DED19D2E}.Debug|Mixed Platforms.ActiveCfg = Debug|x86
		{C3FA730C-FFAD-4D33-A998-DCC8DED19D2E}.Debug|Mixed Platforms.Build.0 = Debug|x86
		{C3FA730C-FFAD-4D33-A998-DCC8DED19D2E}.Debug|Windows Phone (Universal).ActiveCfg = Debug|x86
		{C3FA730C-FFAD-4D33-A998-DCC8DED19D2E}.Debug|Windows Phone 8.ActiveCfg = Debug|x86
		{C3FA730C-FFAD-4D33-A998-DCC8DED19D2E}.Debug|Windows-AnyCPU.ActiveCfg = Debug|x86
		{C3FA730C-FFAD-4D33-A998-DCC8DED19D2E}.Debug|Windows-ARM.ActiveCfg = Debug|x86
		{C3FA730C-FFAD-4D33-A998-DCC8DED19D2E}.Debug|Windows-x64.ActiveCfg = Debug|x86
		{C3FA730C-FFAD-4D33-A998-DCC8DED19D2E}.Debug|Windows-x86.ActiveCfg = Debug|x86
		{C3FA730C-FFAD-4D33-A998-DCC8DED19D2E}.Debug|x64.ActiveCfg = Debug|x86
		{C3FA730C-FFAD-4D33-A998-DCC8DED19D2E}.Debug|x86.ActiveCfg = Debug|x86
		{C3FA730C-FFAD-4D33-A998-DCC8DED19D2E}.Debug|x86.Build.0 = Debug|x86
		{C3FA730C-FFAD-4D33-A998-DCC8DED19D2E}.Release|Android.ActiveCfg = Release|x86
		{C3FA730C-FFAD-4D33-A998-DCC8DED19D2E}.Release|Any CPU.ActiveCfg = Release|x86
		{C3FA730C-FFAD-4D33-A998-DCC8DED19D2E}.Release|iOS.ActiveCfg = Release|x86
		{C3FA730C-FFAD-4D33-A998-DCC8DED19D2E}.Release|Mixed Platforms.ActiveCfg = Release|x86
		{C3FA730C-FFAD-4D33-A998-DCC8DED19D2E}.Release|Mixed Platforms.Build.0 = Release|x86
		{C3FA730C-FFAD-4D33-A998-DCC8DED19D2E}.Release|Windows Phone (Universal).ActiveCfg = Release|x86
		{C3FA730C-FFAD-4D33-A998-DCC8DED19D2E}.Release|Windows Phone 8.ActiveCfg = Release|x86
		{C3FA730C-FFAD-4D33-A998-DCC8DED19D2E}.Release|Windows-AnyCPU.ActiveCfg = Release|x86
		{C3FA730C-FFAD-4D33-A998-DCC8DED19D2E}.Release|Windows-ARM.ActiveCfg = Release|x86
		{C3FA730C-FFAD-4D33-A998-DCC8DED19D2E}.Release|Windows-x64.ActiveCfg = Release|x86
		{C3FA730C-FFAD-4D33-A998-DCC8DED19D2E}.Release|Windows-x86.ActiveCfg = Release|x86
		{C3FA730C-FFAD-4D33-A998-DCC8DED19D2E}.Release|x64.ActiveCfg = Release|x86
		{C3FA730C-FFAD-4D33-A998-DCC8DED19D2E}.Release|x86.ActiveCfg = Release|x86
		{C3FA730C-FFAD-4D33-A998-DCC8DED19D2E}.Release|x86.Build.0 = Release|x86
		{DA05AFDE-2519-431B-83F3-CB7C9E347940}.Debug|Android.ActiveCfg = Debug|Any CPU
		{DA05AFDE-2519-431B-83F3-CB7C9E347940}.Debug|Android.Build.0 = Debug|Any CPU
		{DA05AFDE-2519-431B-83F3-CB7C9E347940}.Debug|Any CPU.ActiveCfg = Debug|Any CPU
		{DA05AFDE-2519-431B-83F3-CB7C9E347940}.Debug|Any CPU.Build.0 = Debug|Any CPU
		{DA05AFDE-2519-431B-83F3-CB7C9E347940}.Debug|iOS.ActiveCfg = Debug|Any CPU
		{DA05AFDE-2519-431B-83F3-CB7C9E347940}.Debug|iOS.Build.0 = Debug|Any CPU
		{DA05AFDE-2519-431B-83F3-CB7C9E347940}.Debug|Mixed Platforms.ActiveCfg = Debug|Any CPU
		{DA05AFDE-2519-431B-83F3-CB7C9E347940}.Debug|Mixed Platforms.Build.0 = Debug|Any CPU
		{DA05AFDE-2519-431B-83F3-CB7C9E347940}.Debug|Windows Phone (Universal).ActiveCfg = Debug|Any CPU
		{DA05AFDE-2519-431B-83F3-CB7C9E347940}.Debug|Windows Phone (Universal).Build.0 = Debug|Any CPU
		{DA05AFDE-2519-431B-83F3-CB7C9E347940}.Debug|Windows Phone 8.ActiveCfg = Debug|Any CPU
		{DA05AFDE-2519-431B-83F3-CB7C9E347940}.Debug|Windows Phone 8.Build.0 = Debug|Any CPU
		{DA05AFDE-2519-431B-83F3-CB7C9E347940}.Debug|Windows-AnyCPU.ActiveCfg = Debug|Any CPU
		{DA05AFDE-2519-431B-83F3-CB7C9E347940}.Debug|Windows-AnyCPU.Build.0 = Debug|Any CPU
		{DA05AFDE-2519-431B-83F3-CB7C9E347940}.Debug|Windows-ARM.ActiveCfg = Debug|Any CPU
		{DA05AFDE-2519-431B-83F3-CB7C9E347940}.Debug|Windows-ARM.Build.0 = Debug|Any CPU
		{DA05AFDE-2519-431B-83F3-CB7C9E347940}.Debug|Windows-x64.ActiveCfg = Debug|Any CPU
		{DA05AFDE-2519-431B-83F3-CB7C9E347940}.Debug|Windows-x64.Build.0 = Debug|Any CPU
		{DA05AFDE-2519-431B-83F3-CB7C9E347940}.Debug|Windows-x86.ActiveCfg = Debug|Any CPU
		{DA05AFDE-2519-431B-83F3-CB7C9E347940}.Debug|Windows-x86.Build.0 = Debug|Any CPU
		{DA05AFDE-2519-431B-83F3-CB7C9E347940}.Debug|x64.ActiveCfg = Debug|Any CPU
		{DA05AFDE-2519-431B-83F3-CB7C9E347940}.Debug|x64.Build.0 = Debug|Any CPU
		{DA05AFDE-2519-431B-83F3-CB7C9E347940}.Debug|x86.ActiveCfg = Debug|Any CPU
		{DA05AFDE-2519-431B-83F3-CB7C9E347940}.Release|Android.ActiveCfg = Release|Any CPU
		{DA05AFDE-2519-431B-83F3-CB7C9E347940}.Release|Android.Build.0 = Release|Any CPU
		{DA05AFDE-2519-431B-83F3-CB7C9E347940}.Release|Any CPU.ActiveCfg = Release|Any CPU
		{DA05AFDE-2519-431B-83F3-CB7C9E347940}.Release|Any CPU.Build.0 = Release|Any CPU
		{DA05AFDE-2519-431B-83F3-CB7C9E347940}.Release|iOS.ActiveCfg = Release|Any CPU
		{DA05AFDE-2519-431B-83F3-CB7C9E347940}.Release|iOS.Build.0 = Release|Any CPU
		{DA05AFDE-2519-431B-83F3-CB7C9E347940}.Release|Mixed Platforms.ActiveCfg = Release|Any CPU
		{DA05AFDE-2519-431B-83F3-CB7C9E347940}.Release|Mixed Platforms.Build.0 = Release|Any CPU
		{DA05AFDE-2519-431B-83F3-CB7C9E347940}.Release|Windows Phone (Universal).ActiveCfg = Release|Any CPU
		{DA05AFDE-2519-431B-83F3-CB7C9E347940}.Release|Windows Phone (Universal).Build.0 = Release|Any CPU
		{DA05AFDE-2519-431B-83F3-CB7C9E347940}.Release|Windows Phone 8.ActiveCfg = Release|Any CPU
		{DA05AFDE-2519-431B-83F3-CB7C9E347940}.Release|Windows Phone 8.Build.0 = Release|Any CPU
		{DA05AFDE-2519-431B-83F3-CB7C9E347940}.Release|Windows-AnyCPU.ActiveCfg = Release|Any CPU
		{DA05AFDE-2519-431B-83F3-CB7C9E347940}.Release|Windows-AnyCPU.Build.0 = Release|Any CPU
		{DA05AFDE-2519-431B-83F3-CB7C9E347940}.Release|Windows-ARM.ActiveCfg = Release|Any CPU
		{DA05AFDE-2519-431B-83F3-CB7C9E347940}.Release|Windows-ARM.Build.0 = Release|Any CPU
		{DA05AFDE-2519-431B-83F3-CB7C9E347940}.Release|Windows-x64.ActiveCfg = Release|Any CPU
		{DA05AFDE-2519-431B-83F3-CB7C9E347940}.Release|Windows-x64.Build.0 = Release|Any CPU
		{DA05AFDE-2519-431B-83F3-CB7C9E347940}.Release|Windows-x86.ActiveCfg = Release|Any CPU
		{DA05AFDE-2519-431B-83F3-CB7C9E347940}.Release|Windows-x86.Build.0 = Release|Any CPU
		{DA05AFDE-2519-431B-83F3-CB7C9E347940}.Release|x64.ActiveCfg = Release|Any CPU
		{DA05AFDE-2519-431B-83F3-CB7C9E347940}.Release|x64.Build.0 = Release|Any CPU
		{DA05AFDE-2519-431B-83F3-CB7C9E347940}.Release|x86.ActiveCfg = Release|Any CPU
		{5AEDA352-B691-48A9-8E6B-CFC604EFC3C0}.Debug|Android.ActiveCfg = Debug|Any CPU
		{5AEDA352-B691-48A9-8E6B-CFC604EFC3C0}.Debug|Android.Build.0 = Debug|Any CPU
		{5AEDA352-B691-48A9-8E6B-CFC604EFC3C0}.Debug|Any CPU.ActiveCfg = Debug|Any CPU
		{5AEDA352-B691-48A9-8E6B-CFC604EFC3C0}.Debug|Any CPU.Build.0 = Debug|Any CPU
		{5AEDA352-B691-48A9-8E6B-CFC604EFC3C0}.Debug|iOS.ActiveCfg = Debug|Any CPU
		{5AEDA352-B691-48A9-8E6B-CFC604EFC3C0}.Debug|iOS.Build.0 = Debug|Any CPU
		{5AEDA352-B691-48A9-8E6B-CFC604EFC3C0}.Debug|Mixed Platforms.ActiveCfg = Debug|Any CPU
		{5AEDA352-B691-48A9-8E6B-CFC604EFC3C0}.Debug|Mixed Platforms.Build.0 = Debug|Any CPU
		{5AEDA352-B691-48A9-8E6B-CFC604EFC3C0}.Debug|Windows Phone (Universal).ActiveCfg = Debug|Any CPU
		{5AEDA352-B691-48A9-8E6B-CFC604EFC3C0}.Debug|Windows Phone (Universal).Build.0 = Debug|Any CPU
		{5AEDA352-B691-48A9-8E6B-CFC604EFC3C0}.Debug|Windows Phone 8.ActiveCfg = Debug|Any CPU
		{5AEDA352-B691-48A9-8E6B-CFC604EFC3C0}.Debug|Windows Phone 8.Build.0 = Debug|Any CPU
		{5AEDA352-B691-48A9-8E6B-CFC604EFC3C0}.Debug|Windows-AnyCPU.ActiveCfg = Debug|Any CPU
		{5AEDA352-B691-48A9-8E6B-CFC604EFC3C0}.Debug|Windows-AnyCPU.Build.0 = Debug|Any CPU
		{5AEDA352-B691-48A9-8E6B-CFC604EFC3C0}.Debug|Windows-ARM.ActiveCfg = Debug|Any CPU
		{5AEDA352-B691-48A9-8E6B-CFC604EFC3C0}.Debug|Windows-ARM.Build.0 = Debug|Any CPU
		{5AEDA352-B691-48A9-8E6B-CFC604EFC3C0}.Debug|Windows-x64.ActiveCfg = Debug|Any CPU
		{5AEDA352-B691-48A9-8E6B-CFC604EFC3C0}.Debug|Windows-x64.Build.0 = Debug|Any CPU
		{5AEDA352-B691-48A9-8E6B-CFC604EFC3C0}.Debug|Windows-x86.ActiveCfg = Debug|Any CPU
		{5AEDA352-B691-48A9-8E6B-CFC604EFC3C0}.Debug|Windows-x86.Build.0 = Debug|Any CPU
		{5AEDA352-B691-48A9-8E6B-CFC604EFC3C0}.Debug|x64.ActiveCfg = Debug|Any CPU
		{5AEDA352-B691-48A9-8E6B-CFC604EFC3C0}.Debug|x64.Build.0 = Debug|Any CPU
		{5AEDA352-B691-48A9-8E6B-CFC604EFC3C0}.Debug|x86.ActiveCfg = Debug|Any CPU
		{5AEDA352-B691-48A9-8E6B-CFC604EFC3C0}.Release|Android.ActiveCfg = Release|Any CPU
		{5AEDA352-B691-48A9-8E6B-CFC604EFC3C0}.Release|Android.Build.0 = Release|Any CPU
		{5AEDA352-B691-48A9-8E6B-CFC604EFC3C0}.Release|Any CPU.ActiveCfg = Release|Any CPU
		{5AEDA352-B691-48A9-8E6B-CFC604EFC3C0}.Release|Any CPU.Build.0 = Release|Any CPU
		{5AEDA352-B691-48A9-8E6B-CFC604EFC3C0}.Release|iOS.ActiveCfg = Release|Any CPU
		{5AEDA352-B691-48A9-8E6B-CFC604EFC3C0}.Release|iOS.Build.0 = Release|Any CPU
		{5AEDA352-B691-48A9-8E6B-CFC604EFC3C0}.Release|Mixed Platforms.ActiveCfg = Release|Any CPU
		{5AEDA352-B691-48A9-8E6B-CFC604EFC3C0}.Release|Mixed Platforms.Build.0 = Release|Any CPU
		{5AEDA352-B691-48A9-8E6B-CFC604EFC3C0}.Release|Windows Phone (Universal).ActiveCfg = Release|Any CPU
		{5AEDA352-B691-48A9-8E6B-CFC604EFC3C0}.Release|Windows Phone (Universal).Build.0 = Release|Any CPU
		{5AEDA352-B691-48A9-8E6B-CFC604EFC3C0}.Release|Windows Phone 8.ActiveCfg = Release|Any CPU
		{5AEDA352-B691-48A9-8E6B-CFC604EFC3C0}.Release|Windows Phone 8.Build.0 = Release|Any CPU
		{5AEDA352-B691-48A9-8E6B-CFC604EFC3C0}.Release|Windows-AnyCPU.ActiveCfg = Release|Any CPU
		{5AEDA352-B691-48A9-8E6B-CFC604EFC3C0}.Release|Windows-AnyCPU.Build.0 = Release|Any CPU
		{5AEDA352-B691-48A9-8E6B-CFC604EFC3C0}.Release|Windows-ARM.ActiveCfg = Release|Any CPU
		{5AEDA352-B691-48A9-8E6B-CFC604EFC3C0}.Release|Windows-ARM.Build.0 = Release|Any CPU
		{5AEDA352-B691-48A9-8E6B-CFC604EFC3C0}.Release|Windows-x64.ActiveCfg = Release|Any CPU
		{5AEDA352-B691-48A9-8E6B-CFC604EFC3C0}.Release|Windows-x64.Build.0 = Release|Any CPU
		{5AEDA352-B691-48A9-8E6B-CFC604EFC3C0}.Release|Windows-x86.ActiveCfg = Release|Any CPU
		{5AEDA352-B691-48A9-8E6B-CFC604EFC3C0}.Release|Windows-x86.Build.0 = Release|Any CPU
		{5AEDA352-B691-48A9-8E6B-CFC604EFC3C0}.Release|x64.ActiveCfg = Release|Any CPU
		{5AEDA352-B691-48A9-8E6B-CFC604EFC3C0}.Release|x64.Build.0 = Release|Any CPU
		{5AEDA352-B691-48A9-8E6B-CFC604EFC3C0}.Release|x86.ActiveCfg = Release|Any CPU
		{8DBA9881-645F-4E57-8E69-395D6AF0674F}.Debug|Android.ActiveCfg = Debug|x86
		{8DBA9881-645F-4E57-8E69-395D6AF0674F}.Debug|Any CPU.ActiveCfg = Debug|x86
		{8DBA9881-645F-4E57-8E69-395D6AF0674F}.Debug|iOS.ActiveCfg = Debug|x86
		{8DBA9881-645F-4E57-8E69-395D6AF0674F}.Debug|Mixed Platforms.ActiveCfg = Debug|x86
		{8DBA9881-645F-4E57-8E69-395D6AF0674F}.Debug|Mixed Platforms.Build.0 = Debug|x86
		{8DBA9881-645F-4E57-8E69-395D6AF0674F}.Debug|Windows Phone (Universal).ActiveCfg = Debug|x86
		{8DBA9881-645F-4E57-8E69-395D6AF0674F}.Debug|Windows Phone 8.ActiveCfg = Debug|x86
		{8DBA9881-645F-4E57-8E69-395D6AF0674F}.Debug|Windows-AnyCPU.ActiveCfg = Debug|x86
		{8DBA9881-645F-4E57-8E69-395D6AF0674F}.Debug|Windows-ARM.ActiveCfg = Debug|x86
		{8DBA9881-645F-4E57-8E69-395D6AF0674F}.Debug|Windows-x64.ActiveCfg = Debug|x86
		{8DBA9881-645F-4E57-8E69-395D6AF0674F}.Debug|Windows-x86.ActiveCfg = Debug|x86
		{8DBA9881-645F-4E57-8E69-395D6AF0674F}.Debug|x64.ActiveCfg = Debug|x86
		{8DBA9881-645F-4E57-8E69-395D6AF0674F}.Debug|x86.ActiveCfg = Debug|x86
		{8DBA9881-645F-4E57-8E69-395D6AF0674F}.Debug|x86.Build.0 = Debug|x86
		{8DBA9881-645F-4E57-8E69-395D6AF0674F}.Release|Android.ActiveCfg = Release|x86
		{8DBA9881-645F-4E57-8E69-395D6AF0674F}.Release|Any CPU.ActiveCfg = Release|x86
		{8DBA9881-645F-4E57-8E69-395D6AF0674F}.Release|iOS.ActiveCfg = Release|x86
		{8DBA9881-645F-4E57-8E69-395D6AF0674F}.Release|Mixed Platforms.ActiveCfg = Release|x86
		{8DBA9881-645F-4E57-8E69-395D6AF0674F}.Release|Mixed Platforms.Build.0 = Release|x86
		{8DBA9881-645F-4E57-8E69-395D6AF0674F}.Release|Windows Phone (Universal).ActiveCfg = Release|x86
		{8DBA9881-645F-4E57-8E69-395D6AF0674F}.Release|Windows Phone 8.ActiveCfg = Release|x86
		{8DBA9881-645F-4E57-8E69-395D6AF0674F}.Release|Windows-AnyCPU.ActiveCfg = Release|x86
		{8DBA9881-645F-4E57-8E69-395D6AF0674F}.Release|Windows-ARM.ActiveCfg = Release|x86
		{8DBA9881-645F-4E57-8E69-395D6AF0674F}.Release|Windows-x64.ActiveCfg = Release|x86
		{8DBA9881-645F-4E57-8E69-395D6AF0674F}.Release|Windows-x86.ActiveCfg = Release|x86
		{8DBA9881-645F-4E57-8E69-395D6AF0674F}.Release|x64.ActiveCfg = Release|x86
		{8DBA9881-645F-4E57-8E69-395D6AF0674F}.Release|x86.ActiveCfg = Release|x86
		{8DBA9881-645F-4E57-8E69-395D6AF0674F}.Release|x86.Build.0 = Release|x86
		{1EBE3A8B-31E5-4178-94EA-4459588D55F1}.Debug|Android.ActiveCfg = Debug|Any CPU
		{1EBE3A8B-31E5-4178-94EA-4459588D55F1}.Debug|Android.Build.0 = Debug|Any CPU
		{1EBE3A8B-31E5-4178-94EA-4459588D55F1}.Debug|Any CPU.ActiveCfg = Debug|Any CPU
		{1EBE3A8B-31E5-4178-94EA-4459588D55F1}.Debug|Any CPU.Build.0 = Debug|Any CPU
		{1EBE3A8B-31E5-4178-94EA-4459588D55F1}.Debug|iOS.ActiveCfg = Debug|Any CPU
		{1EBE3A8B-31E5-4178-94EA-4459588D55F1}.Debug|iOS.Build.0 = Debug|Any CPU
		{1EBE3A8B-31E5-4178-94EA-4459588D55F1}.Debug|Mixed Platforms.ActiveCfg = Debug|Any CPU
		{1EBE3A8B-31E5-4178-94EA-4459588D55F1}.Debug|Mixed Platforms.Build.0 = Debug|Any CPU
		{1EBE3A8B-31E5-4178-94EA-4459588D55F1}.Debug|Windows Phone (Universal).ActiveCfg = Debug|Any CPU
		{1EBE3A8B-31E5-4178-94EA-4459588D55F1}.Debug|Windows Phone (Universal).Build.0 = Debug|Any CPU
		{1EBE3A8B-31E5-4178-94EA-4459588D55F1}.Debug|Windows Phone 8.ActiveCfg = Debug|Any CPU
		{1EBE3A8B-31E5-4178-94EA-4459588D55F1}.Debug|Windows Phone 8.Build.0 = Debug|Any CPU
		{1EBE3A8B-31E5-4178-94EA-4459588D55F1}.Debug|Windows-AnyCPU.ActiveCfg = Debug|Any CPU
		{1EBE3A8B-31E5-4178-94EA-4459588D55F1}.Debug|Windows-AnyCPU.Build.0 = Debug|Any CPU
		{1EBE3A8B-31E5-4178-94EA-4459588D55F1}.Debug|Windows-ARM.ActiveCfg = Debug|Any CPU
		{1EBE3A8B-31E5-4178-94EA-4459588D55F1}.Debug|Windows-ARM.Build.0 = Debug|Any CPU
		{1EBE3A8B-31E5-4178-94EA-4459588D55F1}.Debug|Windows-x64.ActiveCfg = Debug|Any CPU
		{1EBE3A8B-31E5-4178-94EA-4459588D55F1}.Debug|Windows-x64.Build.0 = Debug|Any CPU
		{1EBE3A8B-31E5-4178-94EA-4459588D55F1}.Debug|Windows-x86.ActiveCfg = Debug|Any CPU
		{1EBE3A8B-31E5-4178-94EA-4459588D55F1}.Debug|Windows-x86.Build.0 = Debug|Any CPU
		{1EBE3A8B-31E5-4178-94EA-4459588D55F1}.Debug|x64.ActiveCfg = Debug|Any CPU
		{1EBE3A8B-31E5-4178-94EA-4459588D55F1}.Debug|x64.Build.0 = Debug|Any CPU
		{1EBE3A8B-31E5-4178-94EA-4459588D55F1}.Debug|x86.ActiveCfg = Debug|Any CPU
		{1EBE3A8B-31E5-4178-94EA-4459588D55F1}.Release|Android.ActiveCfg = Release|Any CPU
		{1EBE3A8B-31E5-4178-94EA-4459588D55F1}.Release|Android.Build.0 = Release|Any CPU
		{1EBE3A8B-31E5-4178-94EA-4459588D55F1}.Release|Any CPU.ActiveCfg = Release|Any CPU
		{1EBE3A8B-31E5-4178-94EA-4459588D55F1}.Release|Any CPU.Build.0 = Release|Any CPU
		{1EBE3A8B-31E5-4178-94EA-4459588D55F1}.Release|iOS.ActiveCfg = Release|Any CPU
		{1EBE3A8B-31E5-4178-94EA-4459588D55F1}.Release|iOS.Build.0 = Release|Any CPU
		{1EBE3A8B-31E5-4178-94EA-4459588D55F1}.Release|Mixed Platforms.ActiveCfg = Release|Any CPU
		{1EBE3A8B-31E5-4178-94EA-4459588D55F1}.Release|Mixed Platforms.Build.0 = Release|Any CPU
		{1EBE3A8B-31E5-4178-94EA-4459588D55F1}.Release|Windows Phone (Universal).ActiveCfg = Release|Any CPU
		{1EBE3A8B-31E5-4178-94EA-4459588D55F1}.Release|Windows Phone (Universal).Build.0 = Release|Any CPU
		{1EBE3A8B-31E5-4178-94EA-4459588D55F1}.Release|Windows Phone 8.ActiveCfg = Release|Any CPU
		{1EBE3A8B-31E5-4178-94EA-4459588D55F1}.Release|Windows Phone 8.Build.0 = Release|Any CPU
		{1EBE3A8B-31E5-4178-94EA-4459588D55F1}.Release|Windows-AnyCPU.ActiveCfg = Release|Any CPU
		{1EBE3A8B-31E5-4178-94EA-4459588D55F1}.Release|Windows-AnyCPU.Build.0 = Release|Any CPU
		{1EBE3A8B-31E5-4178-94EA-4459588D55F1}.Release|Windows-ARM.ActiveCfg = Release|Any CPU
		{1EBE3A8B-31E5-4178-94EA-4459588D55F1}.Release|Windows-ARM.Build.0 = Release|Any CPU
		{1EBE3A8B-31E5-4178-94EA-4459588D55F1}.Release|Windows-x64.ActiveCfg = Release|Any CPU
		{1EBE3A8B-31E5-4178-94EA-4459588D55F1}.Release|Windows-x64.Build.0 = Release|Any CPU
		{1EBE3A8B-31E5-4178-94EA-4459588D55F1}.Release|Windows-x86.ActiveCfg = Release|Any CPU
		{1EBE3A8B-31E5-4178-94EA-4459588D55F1}.Release|Windows-x86.Build.0 = Release|Any CPU
		{1EBE3A8B-31E5-4178-94EA-4459588D55F1}.Release|x64.ActiveCfg = Release|Any CPU
		{1EBE3A8B-31E5-4178-94EA-4459588D55F1}.Release|x64.Build.0 = Release|Any CPU
		{1EBE3A8B-31E5-4178-94EA-4459588D55F1}.Release|x86.ActiveCfg = Release|Any CPU
		{57FD96ED-6756-47C7-9787-2FBA8F718D16}.Debug|Android.ActiveCfg = Debug|Any CPU
		{57FD96ED-6756-47C7-9787-2FBA8F718D16}.Debug|Android.Build.0 = Debug|Any CPU
		{57FD96ED-6756-47C7-9787-2FBA8F718D16}.Debug|Any CPU.ActiveCfg = Debug|Any CPU
		{57FD96ED-6756-47C7-9787-2FBA8F718D16}.Debug|Any CPU.Build.0 = Debug|Any CPU
		{57FD96ED-6756-47C7-9787-2FBA8F718D16}.Debug|iOS.ActiveCfg = Debug|Any CPU
		{57FD96ED-6756-47C7-9787-2FBA8F718D16}.Debug|iOS.Build.0 = Debug|Any CPU
		{57FD96ED-6756-47C7-9787-2FBA8F718D16}.Debug|Mixed Platforms.ActiveCfg = Debug|Any CPU
		{57FD96ED-6756-47C7-9787-2FBA8F718D16}.Debug|Mixed Platforms.Build.0 = Debug|Any CPU
		{57FD96ED-6756-47C7-9787-2FBA8F718D16}.Debug|Windows Phone (Universal).ActiveCfg = Debug|Any CPU
		{57FD96ED-6756-47C7-9787-2FBA8F718D16}.Debug|Windows Phone (Universal).Build.0 = Debug|Any CPU
		{57FD96ED-6756-47C7-9787-2FBA8F718D16}.Debug|Windows Phone 8.ActiveCfg = Debug|Any CPU
		{57FD96ED-6756-47C7-9787-2FBA8F718D16}.Debug|Windows Phone 8.Build.0 = Debug|Any CPU
		{57FD96ED-6756-47C7-9787-2FBA8F718D16}.Debug|Windows-AnyCPU.ActiveCfg = Debug|Any CPU
		{57FD96ED-6756-47C7-9787-2FBA8F718D16}.Debug|Windows-AnyCPU.Build.0 = Debug|Any CPU
		{57FD96ED-6756-47C7-9787-2FBA8F718D16}.Debug|Windows-ARM.ActiveCfg = Debug|Any CPU
		{57FD96ED-6756-47C7-9787-2FBA8F718D16}.Debug|Windows-ARM.Build.0 = Debug|Any CPU
		{57FD96ED-6756-47C7-9787-2FBA8F718D16}.Debug|Windows-x64.ActiveCfg = Debug|Any CPU
		{57FD96ED-6756-47C7-9787-2FBA8F718D16}.Debug|Windows-x64.Build.0 = Debug|Any CPU
		{57FD96ED-6756-47C7-9787-2FBA8F718D16}.Debug|Windows-x86.ActiveCfg = Debug|Any CPU
		{57FD96ED-6756-47C7-9787-2FBA8F718D16}.Debug|Windows-x86.Build.0 = Debug|Any CPU
		{57FD96ED-6756-47C7-9787-2FBA8F718D16}.Debug|x64.ActiveCfg = Debug|Any CPU
		{57FD96ED-6756-47C7-9787-2FBA8F718D16}.Debug|x64.Build.0 = Debug|Any CPU
		{57FD96ED-6756-47C7-9787-2FBA8F718D16}.Debug|x86.ActiveCfg = Debug|Any CPU
		{57FD96ED-6756-47C7-9787-2FBA8F718D16}.Debug|x86.Build.0 = Debug|Any CPU
		{57FD96ED-6756-47C7-9787-2FBA8F718D16}.Release|Android.ActiveCfg = Release|Any CPU
		{57FD96ED-6756-47C7-9787-2FBA8F718D16}.Release|Android.Build.0 = Release|Any CPU
		{57FD96ED-6756-47C7-9787-2FBA8F718D16}.Release|Any CPU.ActiveCfg = Release|Any CPU
		{57FD96ED-6756-47C7-9787-2FBA8F718D16}.Release|Any CPU.Build.0 = Release|Any CPU
		{57FD96ED-6756-47C7-9787-2FBA8F718D16}.Release|iOS.ActiveCfg = Release|Any CPU
		{57FD96ED-6756-47C7-9787-2FBA8F718D16}.Release|iOS.Build.0 = Release|Any CPU
		{57FD96ED-6756-47C7-9787-2FBA8F718D16}.Release|Mixed Platforms.ActiveCfg = Release|Any CPU
		{57FD96ED-6756-47C7-9787-2FBA8F718D16}.Release|Mixed Platforms.Build.0 = Release|Any CPU
		{57FD96ED-6756-47C7-9787-2FBA8F718D16}.Release|Windows Phone (Universal).ActiveCfg = Release|Any CPU
		{57FD96ED-6756-47C7-9787-2FBA8F718D16}.Release|Windows Phone (Universal).Build.0 = Release|Any CPU
		{57FD96ED-6756-47C7-9787-2FBA8F718D16}.Release|Windows Phone 8.ActiveCfg = Release|Any CPU
		{57FD96ED-6756-47C7-9787-2FBA8F718D16}.Release|Windows Phone 8.Build.0 = Release|Any CPU
		{57FD96ED-6756-47C7-9787-2FBA8F718D16}.Release|Windows-AnyCPU.ActiveCfg = Release|Any CPU
		{57FD96ED-6756-47C7-9787-2FBA8F718D16}.Release|Windows-AnyCPU.Build.0 = Release|Any CPU
		{57FD96ED-6756-47C7-9787-2FBA8F718D16}.Release|Windows-ARM.ActiveCfg = Release|Any CPU
		{57FD96ED-6756-47C7-9787-2FBA8F718D16}.Release|Windows-ARM.Build.0 = Release|Any CPU
		{57FD96ED-6756-47C7-9787-2FBA8F718D16}.Release|Windows-x64.ActiveCfg = Release|Any CPU
		{57FD96ED-6756-47C7-9787-2FBA8F718D16}.Release|Windows-x64.Build.0 = Release|Any CPU
		{57FD96ED-6756-47C7-9787-2FBA8F718D16}.Release|Windows-x86.ActiveCfg = Release|Any CPU
		{57FD96ED-6756-47C7-9787-2FBA8F718D16}.Release|Windows-x86.Build.0 = Release|Any CPU
		{57FD96ED-6756-47C7-9787-2FBA8F718D16}.Release|x64.ActiveCfg = Release|Any CPU
		{57FD96ED-6756-47C7-9787-2FBA8F718D16}.Release|x64.Build.0 = Release|Any CPU
		{57FD96ED-6756-47C7-9787-2FBA8F718D16}.Release|x86.ActiveCfg = Release|Any CPU
		{57FD96ED-6756-47C7-9787-2FBA8F718D16}.Release|x86.Build.0 = Release|Any CPU
		{444C0967-3AD4-41F1-B3B5-F2ECE3FE2181}.Debug|Android.ActiveCfg = Debug|Any CPU
		{444C0967-3AD4-41F1-B3B5-F2ECE3FE2181}.Debug|Android.Build.0 = Debug|Any CPU
		{444C0967-3AD4-41F1-B3B5-F2ECE3FE2181}.Debug|Any CPU.ActiveCfg = Debug|Any CPU
		{444C0967-3AD4-41F1-B3B5-F2ECE3FE2181}.Debug|Any CPU.Build.0 = Debug|Any CPU
		{444C0967-3AD4-41F1-B3B5-F2ECE3FE2181}.Debug|iOS.ActiveCfg = Debug|Any CPU
		{444C0967-3AD4-41F1-B3B5-F2ECE3FE2181}.Debug|iOS.Build.0 = Debug|Any CPU
		{444C0967-3AD4-41F1-B3B5-F2ECE3FE2181}.Debug|Mixed Platforms.ActiveCfg = Debug|Any CPU
		{444C0967-3AD4-41F1-B3B5-F2ECE3FE2181}.Debug|Mixed Platforms.Build.0 = Debug|Any CPU
		{444C0967-3AD4-41F1-B3B5-F2ECE3FE2181}.Debug|Windows Phone (Universal).ActiveCfg = Debug|Any CPU
		{444C0967-3AD4-41F1-B3B5-F2ECE3FE2181}.Debug|Windows Phone (Universal).Build.0 = Debug|Any CPU
		{444C0967-3AD4-41F1-B3B5-F2ECE3FE2181}.Debug|Windows Phone 8.ActiveCfg = Debug|Any CPU
		{444C0967-3AD4-41F1-B3B5-F2ECE3FE2181}.Debug|Windows Phone 8.Build.0 = Debug|Any CPU
		{444C0967-3AD4-41F1-B3B5-F2ECE3FE2181}.Debug|Windows-AnyCPU.ActiveCfg = Debug|Any CPU
		{444C0967-3AD4-41F1-B3B5-F2ECE3FE2181}.Debug|Windows-AnyCPU.Build.0 = Debug|Any CPU
		{444C0967-3AD4-41F1-B3B5-F2ECE3FE2181}.Debug|Windows-ARM.ActiveCfg = Debug|Any CPU
		{444C0967-3AD4-41F1-B3B5-F2ECE3FE2181}.Debug|Windows-ARM.Build.0 = Debug|Any CPU
		{444C0967-3AD4-41F1-B3B5-F2ECE3FE2181}.Debug|Windows-x64.ActiveCfg = Debug|Any CPU
		{444C0967-3AD4-41F1-B3B5-F2ECE3FE2181}.Debug|Windows-x64.Build.0 = Debug|Any CPU
		{444C0967-3AD4-41F1-B3B5-F2ECE3FE2181}.Debug|Windows-x86.ActiveCfg = Debug|Any CPU
		{444C0967-3AD4-41F1-B3B5-F2ECE3FE2181}.Debug|Windows-x86.Build.0 = Debug|Any CPU
		{444C0967-3AD4-41F1-B3B5-F2ECE3FE2181}.Debug|x64.ActiveCfg = Debug|Any CPU
		{444C0967-3AD4-41F1-B3B5-F2ECE3FE2181}.Debug|x64.Build.0 = Debug|Any CPU
		{444C0967-3AD4-41F1-B3B5-F2ECE3FE2181}.Debug|x86.ActiveCfg = Debug|Any CPU
		{444C0967-3AD4-41F1-B3B5-F2ECE3FE2181}.Debug|x86.Build.0 = Debug|Any CPU
		{444C0967-3AD4-41F1-B3B5-F2ECE3FE2181}.Release|Android.ActiveCfg = Release|Any CPU
		{444C0967-3AD4-41F1-B3B5-F2ECE3FE2181}.Release|Android.Build.0 = Release|Any CPU
		{444C0967-3AD4-41F1-B3B5-F2ECE3FE2181}.Release|Any CPU.ActiveCfg = Release|Any CPU
		{444C0967-3AD4-41F1-B3B5-F2ECE3FE2181}.Release|Any CPU.Build.0 = Release|Any CPU
		{444C0967-3AD4-41F1-B3B5-F2ECE3FE2181}.Release|iOS.ActiveCfg = Release|Any CPU
		{444C0967-3AD4-41F1-B3B5-F2ECE3FE2181}.Release|iOS.Build.0 = Release|Any CPU
		{444C0967-3AD4-41F1-B3B5-F2ECE3FE2181}.Release|Mixed Platforms.ActiveCfg = Release|Any CPU
		{444C0967-3AD4-41F1-B3B5-F2ECE3FE2181}.Release|Mixed Platforms.Build.0 = Release|Any CPU
		{444C0967-3AD4-41F1-B3B5-F2ECE3FE2181}.Release|Windows Phone (Universal).ActiveCfg = Release|Any CPU
		{444C0967-3AD4-41F1-B3B5-F2ECE3FE2181}.Release|Windows Phone (Universal).Build.0 = Release|Any CPU
		{444C0967-3AD4-41F1-B3B5-F2ECE3FE2181}.Release|Windows Phone 8.ActiveCfg = Release|Any CPU
		{444C0967-3AD4-41F1-B3B5-F2ECE3FE2181}.Release|Windows Phone 8.Build.0 = Release|Any CPU
		{444C0967-3AD4-41F1-B3B5-F2ECE3FE2181}.Release|Windows-AnyCPU.ActiveCfg = Release|Any CPU
		{444C0967-3AD4-41F1-B3B5-F2ECE3FE2181}.Release|Windows-AnyCPU.Build.0 = Release|Any CPU
		{444C0967-3AD4-41F1-B3B5-F2ECE3FE2181}.Release|Windows-ARM.ActiveCfg = Release|Any CPU
		{444C0967-3AD4-41F1-B3B5-F2ECE3FE2181}.Release|Windows-ARM.Build.0 = Release|Any CPU
		{444C0967-3AD4-41F1-B3B5-F2ECE3FE2181}.Release|Windows-x64.ActiveCfg = Release|Any CPU
		{444C0967-3AD4-41F1-B3B5-F2ECE3FE2181}.Release|Windows-x64.Build.0 = Release|Any CPU
		{444C0967-3AD4-41F1-B3B5-F2ECE3FE2181}.Release|Windows-x86.ActiveCfg = Release|Any CPU
		{444C0967-3AD4-41F1-B3B5-F2ECE3FE2181}.Release|Windows-x86.Build.0 = Release|Any CPU
		{444C0967-3AD4-41F1-B3B5-F2ECE3FE2181}.Release|x64.ActiveCfg = Release|Any CPU
		{444C0967-3AD4-41F1-B3B5-F2ECE3FE2181}.Release|x64.Build.0 = Release|Any CPU
		{444C0967-3AD4-41F1-B3B5-F2ECE3FE2181}.Release|x86.ActiveCfg = Release|Any CPU
		{444C0967-3AD4-41F1-B3B5-F2ECE3FE2181}.Release|x86.Build.0 = Release|Any CPU
		{A45BAA57-8B25-4BBB-ADD9-A40D87073E65}.Debug|Android.ActiveCfg = Debug|Any CPU
		{A45BAA57-8B25-4BBB-ADD9-A40D87073E65}.Debug|Android.Build.0 = Debug|Any CPU
		{A45BAA57-8B25-4BBB-ADD9-A40D87073E65}.Debug|Any CPU.ActiveCfg = Debug|Any CPU
		{A45BAA57-8B25-4BBB-ADD9-A40D87073E65}.Debug|Any CPU.Build.0 = Debug|Any CPU
		{A45BAA57-8B25-4BBB-ADD9-A40D87073E65}.Debug|iOS.ActiveCfg = Debug|Any CPU
		{A45BAA57-8B25-4BBB-ADD9-A40D87073E65}.Debug|iOS.Build.0 = Debug|Any CPU
		{A45BAA57-8B25-4BBB-ADD9-A40D87073E65}.Debug|Mixed Platforms.ActiveCfg = Debug|Any CPU
		{A45BAA57-8B25-4BBB-ADD9-A40D87073E65}.Debug|Mixed Platforms.Build.0 = Debug|Any CPU
		{A45BAA57-8B25-4BBB-ADD9-A40D87073E65}.Debug|Windows Phone (Universal).ActiveCfg = Debug|Any CPU
		{A45BAA57-8B25-4BBB-ADD9-A40D87073E65}.Debug|Windows Phone (Universal).Build.0 = Debug|Any CPU
		{A45BAA57-8B25-4BBB-ADD9-A40D87073E65}.Debug|Windows Phone 8.ActiveCfg = Debug|Any CPU
		{A45BAA57-8B25-4BBB-ADD9-A40D87073E65}.Debug|Windows Phone 8.Build.0 = Debug|Any CPU
		{A45BAA57-8B25-4BBB-ADD9-A40D87073E65}.Debug|Windows-AnyCPU.ActiveCfg = Debug|Any CPU
		{A45BAA57-8B25-4BBB-ADD9-A40D87073E65}.Debug|Windows-AnyCPU.Build.0 = Debug|Any CPU
		{A45BAA57-8B25-4BBB-ADD9-A40D87073E65}.Debug|Windows-ARM.ActiveCfg = Debug|Any CPU
		{A45BAA57-8B25-4BBB-ADD9-A40D87073E65}.Debug|Windows-ARM.Build.0 = Debug|Any CPU
		{A45BAA57-8B25-4BBB-ADD9-A40D87073E65}.Debug|Windows-x64.ActiveCfg = Debug|Any CPU
		{A45BAA57-8B25-4BBB-ADD9-A40D87073E65}.Debug|Windows-x64.Build.0 = Debug|Any CPU
		{A45BAA57-8B25-4BBB-ADD9-A40D87073E65}.Debug|Windows-x86.ActiveCfg = Debug|Any CPU
		{A45BAA57-8B25-4BBB-ADD9-A40D87073E65}.Debug|Windows-x86.Build.0 = Debug|Any CPU
		{A45BAA57-8B25-4BBB-ADD9-A40D87073E65}.Debug|x64.ActiveCfg = Debug|Any CPU
		{A45BAA57-8B25-4BBB-ADD9-A40D87073E65}.Debug|x64.Build.0 = Debug|Any CPU
		{A45BAA57-8B25-4BBB-ADD9-A40D87073E65}.Debug|x86.ActiveCfg = Debug|Any CPU
		{A45BAA57-8B25-4BBB-ADD9-A40D87073E65}.Debug|x86.Build.0 = Debug|Any CPU
		{A45BAA57-8B25-4BBB-ADD9-A40D87073E65}.Release|Android.ActiveCfg = Release|Any CPU
		{A45BAA57-8B25-4BBB-ADD9-A40D87073E65}.Release|Android.Build.0 = Release|Any CPU
		{A45BAA57-8B25-4BBB-ADD9-A40D87073E65}.Release|Any CPU.ActiveCfg = Release|Any CPU
		{A45BAA57-8B25-4BBB-ADD9-A40D87073E65}.Release|Any CPU.Build.0 = Release|Any CPU
		{A45BAA57-8B25-4BBB-ADD9-A40D87073E65}.Release|iOS.ActiveCfg = Release|Any CPU
		{A45BAA57-8B25-4BBB-ADD9-A40D87073E65}.Release|iOS.Build.0 = Release|Any CPU
		{A45BAA57-8B25-4BBB-ADD9-A40D87073E65}.Release|Mixed Platforms.ActiveCfg = Release|Any CPU
		{A45BAA57-8B25-4BBB-ADD9-A40D87073E65}.Release|Mixed Platforms.Build.0 = Release|Any CPU
		{A45BAA57-8B25-4BBB-ADD9-A40D87073E65}.Release|Windows Phone (Universal).ActiveCfg = Release|Any CPU
		{A45BAA57-8B25-4BBB-ADD9-A40D87073E65}.Release|Windows Phone (Universal).Build.0 = Release|Any CPU
		{A45BAA57-8B25-4BBB-ADD9-A40D87073E65}.Release|Windows Phone 8.ActiveCfg = Release|Any CPU
		{A45BAA57-8B25-4BBB-ADD9-A40D87073E65}.Release|Windows Phone 8.Build.0 = Release|Any CPU
		{A45BAA57-8B25-4BBB-ADD9-A40D87073E65}.Release|Windows-AnyCPU.ActiveCfg = Release|Any CPU
		{A45BAA57-8B25-4BBB-ADD9-A40D87073E65}.Release|Windows-AnyCPU.Build.0 = Release|Any CPU
		{A45BAA57-8B25-4BBB-ADD9-A40D87073E65}.Release|Windows-ARM.ActiveCfg = Release|Any CPU
		{A45BAA57-8B25-4BBB-ADD9-A40D87073E65}.Release|Windows-ARM.Build.0 = Release|Any CPU
		{A45BAA57-8B25-4BBB-ADD9-A40D87073E65}.Release|Windows-x64.ActiveCfg = Release|Any CPU
		{A45BAA57-8B25-4BBB-ADD9-A40D87073E65}.Release|Windows-x64.Build.0 = Release|Any CPU
		{A45BAA57-8B25-4BBB-ADD9-A40D87073E65}.Release|Windows-x86.ActiveCfg = Release|Any CPU
		{A45BAA57-8B25-4BBB-ADD9-A40D87073E65}.Release|Windows-x86.Build.0 = Release|Any CPU
		{A45BAA57-8B25-4BBB-ADD9-A40D87073E65}.Release|x64.ActiveCfg = Release|Any CPU
		{A45BAA57-8B25-4BBB-ADD9-A40D87073E65}.Release|x64.Build.0 = Release|Any CPU
		{A45BAA57-8B25-4BBB-ADD9-A40D87073E65}.Release|x86.ActiveCfg = Release|Any CPU
		{A45BAA57-8B25-4BBB-ADD9-A40D87073E65}.Release|x86.Build.0 = Release|Any CPU
		{B8E34A48-6498-4DDE-9FB1-E84BBED9CE1D}.Debug|Android.ActiveCfg = Debug|Any CPU
		{B8E34A48-6498-4DDE-9FB1-E84BBED9CE1D}.Debug|Android.Build.0 = Debug|Any CPU
		{B8E34A48-6498-4DDE-9FB1-E84BBED9CE1D}.Debug|Any CPU.ActiveCfg = Debug|Any CPU
		{B8E34A48-6498-4DDE-9FB1-E84BBED9CE1D}.Debug|Any CPU.Build.0 = Debug|Any CPU
		{B8E34A48-6498-4DDE-9FB1-E84BBED9CE1D}.Debug|iOS.ActiveCfg = Debug|Any CPU
		{B8E34A48-6498-4DDE-9FB1-E84BBED9CE1D}.Debug|iOS.Build.0 = Debug|Any CPU
		{B8E34A48-6498-4DDE-9FB1-E84BBED9CE1D}.Debug|Mixed Platforms.ActiveCfg = Debug|Any CPU
		{B8E34A48-6498-4DDE-9FB1-E84BBED9CE1D}.Debug|Mixed Platforms.Build.0 = Debug|Any CPU
		{B8E34A48-6498-4DDE-9FB1-E84BBED9CE1D}.Debug|Windows Phone (Universal).ActiveCfg = Debug|Any CPU
		{B8E34A48-6498-4DDE-9FB1-E84BBED9CE1D}.Debug|Windows Phone (Universal).Build.0 = Debug|Any CPU
		{B8E34A48-6498-4DDE-9FB1-E84BBED9CE1D}.Debug|Windows Phone 8.ActiveCfg = Debug|Any CPU
		{B8E34A48-6498-4DDE-9FB1-E84BBED9CE1D}.Debug|Windows Phone 8.Build.0 = Debug|Any CPU
		{B8E34A48-6498-4DDE-9FB1-E84BBED9CE1D}.Debug|Windows-AnyCPU.ActiveCfg = Debug|Any CPU
		{B8E34A48-6498-4DDE-9FB1-E84BBED9CE1D}.Debug|Windows-AnyCPU.Build.0 = Debug|Any CPU
		{B8E34A48-6498-4DDE-9FB1-E84BBED9CE1D}.Debug|Windows-ARM.ActiveCfg = Debug|Any CPU
		{B8E34A48-6498-4DDE-9FB1-E84BBED9CE1D}.Debug|Windows-ARM.Build.0 = Debug|Any CPU
		{B8E34A48-6498-4DDE-9FB1-E84BBED9CE1D}.Debug|Windows-x64.ActiveCfg = Debug|Any CPU
		{B8E34A48-6498-4DDE-9FB1-E84BBED9CE1D}.Debug|Windows-x64.Build.0 = Debug|Any CPU
		{B8E34A48-6498-4DDE-9FB1-E84BBED9CE1D}.Debug|Windows-x86.ActiveCfg = Debug|Any CPU
		{B8E34A48-6498-4DDE-9FB1-E84BBED9CE1D}.Debug|Windows-x86.Build.0 = Debug|Any CPU
		{B8E34A48-6498-4DDE-9FB1-E84BBED9CE1D}.Debug|x64.ActiveCfg = Debug|Any CPU
		{B8E34A48-6498-4DDE-9FB1-E84BBED9CE1D}.Debug|x64.Build.0 = Debug|Any CPU
		{B8E34A48-6498-4DDE-9FB1-E84BBED9CE1D}.Debug|x86.ActiveCfg = Debug|Any CPU
		{B8E34A48-6498-4DDE-9FB1-E84BBED9CE1D}.Debug|x86.Build.0 = Debug|Any CPU
		{B8E34A48-6498-4DDE-9FB1-E84BBED9CE1D}.Release|Android.ActiveCfg = Release|Any CPU
		{B8E34A48-6498-4DDE-9FB1-E84BBED9CE1D}.Release|Android.Build.0 = Release|Any CPU
		{B8E34A48-6498-4DDE-9FB1-E84BBED9CE1D}.Release|Any CPU.ActiveCfg = Release|Any CPU
		{B8E34A48-6498-4DDE-9FB1-E84BBED9CE1D}.Release|Any CPU.Build.0 = Release|Any CPU
		{B8E34A48-6498-4DDE-9FB1-E84BBED9CE1D}.Release|iOS.ActiveCfg = Release|Any CPU
		{B8E34A48-6498-4DDE-9FB1-E84BBED9CE1D}.Release|iOS.Build.0 = Release|Any CPU
		{B8E34A48-6498-4DDE-9FB1-E84BBED9CE1D}.Release|Mixed Platforms.ActiveCfg = Release|Any CPU
		{B8E34A48-6498-4DDE-9FB1-E84BBED9CE1D}.Release|Mixed Platforms.Build.0 = Release|Any CPU
		{B8E34A48-6498-4DDE-9FB1-E84BBED9CE1D}.Release|Windows Phone (Universal).ActiveCfg = Release|Any CPU
		{B8E34A48-6498-4DDE-9FB1-E84BBED9CE1D}.Release|Windows Phone (Universal).Build.0 = Release|Any CPU
		{B8E34A48-6498-4DDE-9FB1-E84BBED9CE1D}.Release|Windows Phone 8.ActiveCfg = Release|Any CPU
		{B8E34A48-6498-4DDE-9FB1-E84BBED9CE1D}.Release|Windows Phone 8.Build.0 = Release|Any CPU
		{B8E34A48-6498-4DDE-9FB1-E84BBED9CE1D}.Release|Windows-AnyCPU.ActiveCfg = Release|Any CPU
		{B8E34A48-6498-4DDE-9FB1-E84BBED9CE1D}.Release|Windows-AnyCPU.Build.0 = Release|Any CPU
		{B8E34A48-6498-4DDE-9FB1-E84BBED9CE1D}.Release|Windows-ARM.ActiveCfg = Release|Any CPU
		{B8E34A48-6498-4DDE-9FB1-E84BBED9CE1D}.Release|Windows-ARM.Build.0 = Release|Any CPU
		{B8E34A48-6498-4DDE-9FB1-E84BBED9CE1D}.Release|Windows-x64.ActiveCfg = Release|Any CPU
		{B8E34A48-6498-4DDE-9FB1-E84BBED9CE1D}.Release|Windows-x64.Build.0 = Release|Any CPU
		{B8E34A48-6498-4DDE-9FB1-E84BBED9CE1D}.Release|Windows-x86.ActiveCfg = Release|Any CPU
		{B8E34A48-6498-4DDE-9FB1-E84BBED9CE1D}.Release|Windows-x86.Build.0 = Release|Any CPU
		{B8E34A48-6498-4DDE-9FB1-E84BBED9CE1D}.Release|x64.ActiveCfg = Release|Any CPU
		{B8E34A48-6498-4DDE-9FB1-E84BBED9CE1D}.Release|x64.Build.0 = Release|Any CPU
		{B8E34A48-6498-4DDE-9FB1-E84BBED9CE1D}.Release|x86.ActiveCfg = Release|Any CPU
		{B8E34A48-6498-4DDE-9FB1-E84BBED9CE1D}.Release|x86.Build.0 = Release|Any CPU
		{248D0136-9796-49E1-BA5C-5D62324C898E}.Debug|Android.ActiveCfg = Debug|Any CPU
		{248D0136-9796-49E1-BA5C-5D62324C898E}.Debug|Android.Build.0 = Debug|Any CPU
		{248D0136-9796-49E1-BA5C-5D62324C898E}.Debug|Any CPU.ActiveCfg = Debug|Any CPU
		{248D0136-9796-49E1-BA5C-5D62324C898E}.Debug|Any CPU.Build.0 = Debug|Any CPU
		{248D0136-9796-49E1-BA5C-5D62324C898E}.Debug|iOS.ActiveCfg = Debug|Any CPU
		{248D0136-9796-49E1-BA5C-5D62324C898E}.Debug|iOS.Build.0 = Debug|Any CPU
		{248D0136-9796-49E1-BA5C-5D62324C898E}.Debug|Mixed Platforms.ActiveCfg = Debug|Any CPU
		{248D0136-9796-49E1-BA5C-5D62324C898E}.Debug|Mixed Platforms.Build.0 = Debug|Any CPU
		{248D0136-9796-49E1-BA5C-5D62324C898E}.Debug|Windows Phone (Universal).ActiveCfg = Debug|Any CPU
		{248D0136-9796-49E1-BA5C-5D62324C898E}.Debug|Windows Phone (Universal).Build.0 = Debug|Any CPU
		{248D0136-9796-49E1-BA5C-5D62324C898E}.Debug|Windows Phone 8.ActiveCfg = Debug|Any CPU
		{248D0136-9796-49E1-BA5C-5D62324C898E}.Debug|Windows Phone 8.Build.0 = Debug|Any CPU
		{248D0136-9796-49E1-BA5C-5D62324C898E}.Debug|Windows-AnyCPU.ActiveCfg = Debug|Any CPU
		{248D0136-9796-49E1-BA5C-5D62324C898E}.Debug|Windows-AnyCPU.Build.0 = Debug|Any CPU
		{248D0136-9796-49E1-BA5C-5D62324C898E}.Debug|Windows-ARM.ActiveCfg = Debug|Any CPU
		{248D0136-9796-49E1-BA5C-5D62324C898E}.Debug|Windows-ARM.Build.0 = Debug|Any CPU
		{248D0136-9796-49E1-BA5C-5D62324C898E}.Debug|Windows-x64.ActiveCfg = Debug|Any CPU
		{248D0136-9796-49E1-BA5C-5D62324C898E}.Debug|Windows-x64.Build.0 = Debug|Any CPU
		{248D0136-9796-49E1-BA5C-5D62324C898E}.Debug|Windows-x86.ActiveCfg = Debug|Any CPU
		{248D0136-9796-49E1-BA5C-5D62324C898E}.Debug|Windows-x86.Build.0 = Debug|Any CPU
		{248D0136-9796-49E1-BA5C-5D62324C898E}.Debug|x64.ActiveCfg = Debug|Any CPU
		{248D0136-9796-49E1-BA5C-5D62324C898E}.Debug|x64.Build.0 = Debug|Any CPU
		{248D0136-9796-49E1-BA5C-5D62324C898E}.Debug|x86.ActiveCfg = Debug|Any CPU
		{248D0136-9796-49E1-BA5C-5D62324C898E}.Debug|x86.Build.0 = Debug|Any CPU
		{248D0136-9796-49E1-BA5C-5D62324C898E}.Release|Android.ActiveCfg = Release|Any CPU
		{248D0136-9796-49E1-BA5C-5D62324C898E}.Release|Android.Build.0 = Release|Any CPU
		{248D0136-9796-49E1-BA5C-5D62324C898E}.Release|Any CPU.ActiveCfg = Release|Any CPU
		{248D0136-9796-49E1-BA5C-5D62324C898E}.Release|Any CPU.Build.0 = Release|Any CPU
		{248D0136-9796-49E1-BA5C-5D62324C898E}.Release|iOS.ActiveCfg = Release|Any CPU
		{248D0136-9796-49E1-BA5C-5D62324C898E}.Release|iOS.Build.0 = Release|Any CPU
		{248D0136-9796-49E1-BA5C-5D62324C898E}.Release|Mixed Platforms.ActiveCfg = Release|Any CPU
		{248D0136-9796-49E1-BA5C-5D62324C898E}.Release|Mixed Platforms.Build.0 = Release|Any CPU
		{248D0136-9796-49E1-BA5C-5D62324C898E}.Release|Windows Phone (Universal).ActiveCfg = Release|Any CPU
		{248D0136-9796-49E1-BA5C-5D62324C898E}.Release|Windows Phone (Universal).Build.0 = Release|Any CPU
		{248D0136-9796-49E1-BA5C-5D62324C898E}.Release|Windows Phone 8.ActiveCfg = Release|Any CPU
		{248D0136-9796-49E1-BA5C-5D62324C898E}.Release|Windows Phone 8.Build.0 = Release|Any CPU
		{248D0136-9796-49E1-BA5C-5D62324C898E}.Release|Windows-AnyCPU.ActiveCfg = Release|Any CPU
		{248D0136-9796-49E1-BA5C-5D62324C898E}.Release|Windows-AnyCPU.Build.0 = Release|Any CPU
		{248D0136-9796-49E1-BA5C-5D62324C898E}.Release|Windows-ARM.ActiveCfg = Release|Any CPU
		{248D0136-9796-49E1-BA5C-5D62324C898E}.Release|Windows-ARM.Build.0 = Release|Any CPU
		{248D0136-9796-49E1-BA5C-5D62324C898E}.Release|Windows-x64.ActiveCfg = Release|Any CPU
		{248D0136-9796-49E1-BA5C-5D62324C898E}.Release|Windows-x64.Build.0 = Release|Any CPU
		{248D0136-9796-49E1-BA5C-5D62324C898E}.Release|Windows-x86.ActiveCfg = Release|Any CPU
		{248D0136-9796-49E1-BA5C-5D62324C898E}.Release|Windows-x86.Build.0 = Release|Any CPU
		{248D0136-9796-49E1-BA5C-5D62324C898E}.Release|x64.ActiveCfg = Release|Any CPU
		{248D0136-9796-49E1-BA5C-5D62324C898E}.Release|x64.Build.0 = Release|Any CPU
		{248D0136-9796-49E1-BA5C-5D62324C898E}.Release|x86.ActiveCfg = Release|Any CPU
		{248D0136-9796-49E1-BA5C-5D62324C898E}.Release|x86.Build.0 = Release|Any CPU
		{69DD6020-06D1-42B8-B4D9-268D8371E7EA}.Debug|Android.ActiveCfg = Debug|Any CPU
		{69DD6020-06D1-42B8-B4D9-268D8371E7EA}.Debug|Android.Build.0 = Debug|Any CPU
		{69DD6020-06D1-42B8-B4D9-268D8371E7EA}.Debug|Any CPU.ActiveCfg = Debug|Any CPU
		{69DD6020-06D1-42B8-B4D9-268D8371E7EA}.Debug|Any CPU.Build.0 = Debug|Any CPU
		{69DD6020-06D1-42B8-B4D9-268D8371E7EA}.Debug|iOS.ActiveCfg = Debug|Any CPU
		{69DD6020-06D1-42B8-B4D9-268D8371E7EA}.Debug|iOS.Build.0 = Debug|Any CPU
		{69DD6020-06D1-42B8-B4D9-268D8371E7EA}.Debug|Mixed Platforms.ActiveCfg = Debug|Any CPU
		{69DD6020-06D1-42B8-B4D9-268D8371E7EA}.Debug|Mixed Platforms.Build.0 = Debug|Any CPU
		{69DD6020-06D1-42B8-B4D9-268D8371E7EA}.Debug|Windows Phone (Universal).ActiveCfg = Debug|Any CPU
		{69DD6020-06D1-42B8-B4D9-268D8371E7EA}.Debug|Windows Phone (Universal).Build.0 = Debug|Any CPU
		{69DD6020-06D1-42B8-B4D9-268D8371E7EA}.Debug|Windows Phone 8.ActiveCfg = Debug|Any CPU
		{69DD6020-06D1-42B8-B4D9-268D8371E7EA}.Debug|Windows Phone 8.Build.0 = Debug|Any CPU
		{69DD6020-06D1-42B8-B4D9-268D8371E7EA}.Debug|Windows-AnyCPU.ActiveCfg = Debug|Any CPU
		{69DD6020-06D1-42B8-B4D9-268D8371E7EA}.Debug|Windows-AnyCPU.Build.0 = Debug|Any CPU
		{69DD6020-06D1-42B8-B4D9-268D8371E7EA}.Debug|Windows-ARM.ActiveCfg = Debug|Any CPU
		{69DD6020-06D1-42B8-B4D9-268D8371E7EA}.Debug|Windows-ARM.Build.0 = Debug|Any CPU
		{69DD6020-06D1-42B8-B4D9-268D8371E7EA}.Debug|Windows-x64.ActiveCfg = Debug|Any CPU
		{69DD6020-06D1-42B8-B4D9-268D8371E7EA}.Debug|Windows-x64.Build.0 = Debug|Any CPU
		{69DD6020-06D1-42B8-B4D9-268D8371E7EA}.Debug|Windows-x86.ActiveCfg = Debug|Any CPU
		{69DD6020-06D1-42B8-B4D9-268D8371E7EA}.Debug|Windows-x86.Build.0 = Debug|Any CPU
		{69DD6020-06D1-42B8-B4D9-268D8371E7EA}.Debug|x64.ActiveCfg = Debug|Any CPU
		{69DD6020-06D1-42B8-B4D9-268D8371E7EA}.Debug|x64.Build.0 = Debug|Any CPU
		{69DD6020-06D1-42B8-B4D9-268D8371E7EA}.Debug|x86.ActiveCfg = Debug|Any CPU
		{69DD6020-06D1-42B8-B4D9-268D8371E7EA}.Debug|x86.Build.0 = Debug|Any CPU
		{69DD6020-06D1-42B8-B4D9-268D8371E7EA}.Release|Android.ActiveCfg = Release|Any CPU
		{69DD6020-06D1-42B8-B4D9-268D8371E7EA}.Release|Android.Build.0 = Release|Any CPU
		{69DD6020-06D1-42B8-B4D9-268D8371E7EA}.Release|Any CPU.ActiveCfg = Release|Any CPU
		{69DD6020-06D1-42B8-B4D9-268D8371E7EA}.Release|Any CPU.Build.0 = Release|Any CPU
		{69DD6020-06D1-42B8-B4D9-268D8371E7EA}.Release|iOS.ActiveCfg = Release|Any CPU
		{69DD6020-06D1-42B8-B4D9-268D8371E7EA}.Release|iOS.Build.0 = Release|Any CPU
		{69DD6020-06D1-42B8-B4D9-268D8371E7EA}.Release|Mixed Platforms.ActiveCfg = Release|Any CPU
		{69DD6020-06D1-42B8-B4D9-268D8371E7EA}.Release|Mixed Platforms.Build.0 = Release|Any CPU
		{69DD6020-06D1-42B8-B4D9-268D8371E7EA}.Release|Windows Phone (Universal).ActiveCfg = Release|Any CPU
		{69DD6020-06D1-42B8-B4D9-268D8371E7EA}.Release|Windows Phone (Universal).Build.0 = Release|Any CPU
		{69DD6020-06D1-42B8-B4D9-268D8371E7EA}.Release|Windows Phone 8.ActiveCfg = Release|Any CPU
		{69DD6020-06D1-42B8-B4D9-268D8371E7EA}.Release|Windows Phone 8.Build.0 = Release|Any CPU
		{69DD6020-06D1-42B8-B4D9-268D8371E7EA}.Release|Windows-AnyCPU.ActiveCfg = Release|Any CPU
		{69DD6020-06D1-42B8-B4D9-268D8371E7EA}.Release|Windows-AnyCPU.Build.0 = Release|Any CPU
		{69DD6020-06D1-42B8-B4D9-268D8371E7EA}.Release|Windows-ARM.ActiveCfg = Release|Any CPU
		{69DD6020-06D1-42B8-B4D9-268D8371E7EA}.Release|Windows-ARM.Build.0 = Release|Any CPU
		{69DD6020-06D1-42B8-B4D9-268D8371E7EA}.Release|Windows-x64.ActiveCfg = Release|Any CPU
		{69DD6020-06D1-42B8-B4D9-268D8371E7EA}.Release|Windows-x64.Build.0 = Release|Any CPU
		{69DD6020-06D1-42B8-B4D9-268D8371E7EA}.Release|Windows-x86.ActiveCfg = Release|Any CPU
		{69DD6020-06D1-42B8-B4D9-268D8371E7EA}.Release|Windows-x86.Build.0 = Release|Any CPU
		{69DD6020-06D1-42B8-B4D9-268D8371E7EA}.Release|x64.ActiveCfg = Release|Any CPU
		{69DD6020-06D1-42B8-B4D9-268D8371E7EA}.Release|x64.Build.0 = Release|Any CPU
		{69DD6020-06D1-42B8-B4D9-268D8371E7EA}.Release|x86.ActiveCfg = Release|Any CPU
		{69DD6020-06D1-42B8-B4D9-268D8371E7EA}.Release|x86.Build.0 = Release|Any CPU
		{7BB6E615-D3B4-44DA-9A99-E6452C59760B}.Debug|Android.ActiveCfg = Debug|Any CPU
		{7BB6E615-D3B4-44DA-9A99-E6452C59760B}.Debug|Android.Build.0 = Debug|Any CPU
		{7BB6E615-D3B4-44DA-9A99-E6452C59760B}.Debug|Any CPU.ActiveCfg = Debug|Any CPU
		{7BB6E615-D3B4-44DA-9A99-E6452C59760B}.Debug|Any CPU.Build.0 = Debug|Any CPU
		{7BB6E615-D3B4-44DA-9A99-E6452C59760B}.Debug|iOS.ActiveCfg = Debug|Any CPU
		{7BB6E615-D3B4-44DA-9A99-E6452C59760B}.Debug|iOS.Build.0 = Debug|Any CPU
		{7BB6E615-D3B4-44DA-9A99-E6452C59760B}.Debug|Mixed Platforms.ActiveCfg = Debug|Any CPU
		{7BB6E615-D3B4-44DA-9A99-E6452C59760B}.Debug|Mixed Platforms.Build.0 = Debug|Any CPU
		{7BB6E615-D3B4-44DA-9A99-E6452C59760B}.Debug|Windows Phone (Universal).ActiveCfg = Debug|Any CPU
		{7BB6E615-D3B4-44DA-9A99-E6452C59760B}.Debug|Windows Phone (Universal).Build.0 = Debug|Any CPU
		{7BB6E615-D3B4-44DA-9A99-E6452C59760B}.Debug|Windows Phone 8.ActiveCfg = Debug|Any CPU
		{7BB6E615-D3B4-44DA-9A99-E6452C59760B}.Debug|Windows Phone 8.Build.0 = Debug|Any CPU
		{7BB6E615-D3B4-44DA-9A99-E6452C59760B}.Debug|Windows-AnyCPU.ActiveCfg = Debug|Any CPU
		{7BB6E615-D3B4-44DA-9A99-E6452C59760B}.Debug|Windows-AnyCPU.Build.0 = Debug|Any CPU
		{7BB6E615-D3B4-44DA-9A99-E6452C59760B}.Debug|Windows-ARM.ActiveCfg = Debug|Any CPU
		{7BB6E615-D3B4-44DA-9A99-E6452C59760B}.Debug|Windows-ARM.Build.0 = Debug|Any CPU
		{7BB6E615-D3B4-44DA-9A99-E6452C59760B}.Debug|Windows-x64.ActiveCfg = Debug|Any CPU
		{7BB6E615-D3B4-44DA-9A99-E6452C59760B}.Debug|Windows-x64.Build.0 = Debug|Any CPU
		{7BB6E615-D3B4-44DA-9A99-E6452C59760B}.Debug|Windows-x86.ActiveCfg = Debug|Any CPU
		{7BB6E615-D3B4-44DA-9A99-E6452C59760B}.Debug|Windows-x86.Build.0 = Debug|Any CPU
		{7BB6E615-D3B4-44DA-9A99-E6452C59760B}.Debug|x64.ActiveCfg = Debug|Any CPU
		{7BB6E615-D3B4-44DA-9A99-E6452C59760B}.Debug|x64.Build.0 = Debug|Any CPU
		{7BB6E615-D3B4-44DA-9A99-E6452C59760B}.Debug|x86.ActiveCfg = Debug|Any CPU
		{7BB6E615-D3B4-44DA-9A99-E6452C59760B}.Debug|x86.Build.0 = Debug|Any CPU
		{7BB6E615-D3B4-44DA-9A99-E6452C59760B}.Release|Android.ActiveCfg = Release|Any CPU
		{7BB6E615-D3B4-44DA-9A99-E6452C59760B}.Release|Android.Build.0 = Release|Any CPU
		{7BB6E615-D3B4-44DA-9A99-E6452C59760B}.Release|Any CPU.ActiveCfg = Release|Any CPU
		{7BB6E615-D3B4-44DA-9A99-E6452C59760B}.Release|Any CPU.Build.0 = Release|Any CPU
		{7BB6E615-D3B4-44DA-9A99-E6452C59760B}.Release|iOS.ActiveCfg = Release|Any CPU
		{7BB6E615-D3B4-44DA-9A99-E6452C59760B}.Release|iOS.Build.0 = Release|Any CPU
		{7BB6E615-D3B4-44DA-9A99-E6452C59760B}.Release|Mixed Platforms.ActiveCfg = Release|Any CPU
		{7BB6E615-D3B4-44DA-9A99-E6452C59760B}.Release|Mixed Platforms.Build.0 = Release|Any CPU
		{7BB6E615-D3B4-44DA-9A99-E6452C59760B}.Release|Windows Phone (Universal).ActiveCfg = Release|Any CPU
		{7BB6E615-D3B4-44DA-9A99-E6452C59760B}.Release|Windows Phone (Universal).Build.0 = Release|Any CPU
		{7BB6E615-D3B4-44DA-9A99-E6452C59760B}.Release|Windows Phone 8.ActiveCfg = Release|Any CPU
		{7BB6E615-D3B4-44DA-9A99-E6452C59760B}.Release|Windows Phone 8.Build.0 = Release|Any CPU
		{7BB6E615-D3B4-44DA-9A99-E6452C59760B}.Release|Windows-AnyCPU.ActiveCfg = Release|Any CPU
		{7BB6E615-D3B4-44DA-9A99-E6452C59760B}.Release|Windows-AnyCPU.Build.0 = Release|Any CPU
		{7BB6E615-D3B4-44DA-9A99-E6452C59760B}.Release|Windows-ARM.ActiveCfg = Release|Any CPU
		{7BB6E615-D3B4-44DA-9A99-E6452C59760B}.Release|Windows-ARM.Build.0 = Release|Any CPU
		{7BB6E615-D3B4-44DA-9A99-E6452C59760B}.Release|Windows-x64.ActiveCfg = Release|Any CPU
		{7BB6E615-D3B4-44DA-9A99-E6452C59760B}.Release|Windows-x64.Build.0 = Release|Any CPU
		{7BB6E615-D3B4-44DA-9A99-E6452C59760B}.Release|Windows-x86.ActiveCfg = Release|Any CPU
		{7BB6E615-D3B4-44DA-9A99-E6452C59760B}.Release|Windows-x86.Build.0 = Release|Any CPU
		{7BB6E615-D3B4-44DA-9A99-E6452C59760B}.Release|x64.ActiveCfg = Release|Any CPU
		{7BB6E615-D3B4-44DA-9A99-E6452C59760B}.Release|x64.Build.0 = Release|Any CPU
		{7BB6E615-D3B4-44DA-9A99-E6452C59760B}.Release|x86.ActiveCfg = Release|Any CPU
		{7BB6E615-D3B4-44DA-9A99-E6452C59760B}.Release|x86.Build.0 = Release|Any CPU
		{2B36B3B9-4EE1-490E-8EC6-948E9C30F3D7}.Debug|Android.ActiveCfg = Debug|Any CPU
		{2B36B3B9-4EE1-490E-8EC6-948E9C30F3D7}.Debug|Android.Build.0 = Debug|Any CPU
		{2B36B3B9-4EE1-490E-8EC6-948E9C30F3D7}.Debug|Any CPU.ActiveCfg = Debug|Any CPU
		{2B36B3B9-4EE1-490E-8EC6-948E9C30F3D7}.Debug|Any CPU.Build.0 = Debug|Any CPU
		{2B36B3B9-4EE1-490E-8EC6-948E9C30F3D7}.Debug|iOS.ActiveCfg = Debug|Any CPU
		{2B36B3B9-4EE1-490E-8EC6-948E9C30F3D7}.Debug|iOS.Build.0 = Debug|Any CPU
		{2B36B3B9-4EE1-490E-8EC6-948E9C30F3D7}.Debug|Mixed Platforms.ActiveCfg = Debug|Any CPU
		{2B36B3B9-4EE1-490E-8EC6-948E9C30F3D7}.Debug|Mixed Platforms.Build.0 = Debug|Any CPU
		{2B36B3B9-4EE1-490E-8EC6-948E9C30F3D7}.Debug|Windows Phone (Universal).ActiveCfg = Debug|Any CPU
		{2B36B3B9-4EE1-490E-8EC6-948E9C30F3D7}.Debug|Windows Phone (Universal).Build.0 = Debug|Any CPU
		{2B36B3B9-4EE1-490E-8EC6-948E9C30F3D7}.Debug|Windows Phone 8.ActiveCfg = Debug|Any CPU
		{2B36B3B9-4EE1-490E-8EC6-948E9C30F3D7}.Debug|Windows Phone 8.Build.0 = Debug|Any CPU
		{2B36B3B9-4EE1-490E-8EC6-948E9C30F3D7}.Debug|Windows-AnyCPU.ActiveCfg = Debug|Any CPU
		{2B36B3B9-4EE1-490E-8EC6-948E9C30F3D7}.Debug|Windows-AnyCPU.Build.0 = Debug|Any CPU
		{2B36B3B9-4EE1-490E-8EC6-948E9C30F3D7}.Debug|Windows-ARM.ActiveCfg = Debug|Any CPU
		{2B36B3B9-4EE1-490E-8EC6-948E9C30F3D7}.Debug|Windows-ARM.Build.0 = Debug|Any CPU
		{2B36B3B9-4EE1-490E-8EC6-948E9C30F3D7}.Debug|Windows-x64.ActiveCfg = Debug|Any CPU
		{2B36B3B9-4EE1-490E-8EC6-948E9C30F3D7}.Debug|Windows-x64.Build.0 = Debug|Any CPU
		{2B36B3B9-4EE1-490E-8EC6-948E9C30F3D7}.Debug|Windows-x86.ActiveCfg = Debug|Any CPU
		{2B36B3B9-4EE1-490E-8EC6-948E9C30F3D7}.Debug|Windows-x86.Build.0 = Debug|Any CPU
		{2B36B3B9-4EE1-490E-8EC6-948E9C30F3D7}.Debug|x64.ActiveCfg = Debug|Any CPU
		{2B36B3B9-4EE1-490E-8EC6-948E9C30F3D7}.Debug|x64.Build.0 = Debug|Any CPU
		{2B36B3B9-4EE1-490E-8EC6-948E9C30F3D7}.Debug|x86.ActiveCfg = Debug|Any CPU
		{2B36B3B9-4EE1-490E-8EC6-948E9C30F3D7}.Debug|x86.Build.0 = Debug|Any CPU
		{2B36B3B9-4EE1-490E-8EC6-948E9C30F3D7}.Release|Android.ActiveCfg = Release|Any CPU
		{2B36B3B9-4EE1-490E-8EC6-948E9C30F3D7}.Release|Android.Build.0 = Release|Any CPU
		{2B36B3B9-4EE1-490E-8EC6-948E9C30F3D7}.Release|Any CPU.ActiveCfg = Release|Any CPU
		{2B36B3B9-4EE1-490E-8EC6-948E9C30F3D7}.Release|Any CPU.Build.0 = Release|Any CPU
		{2B36B3B9-4EE1-490E-8EC6-948E9C30F3D7}.Release|iOS.ActiveCfg = Release|Any CPU
		{2B36B3B9-4EE1-490E-8EC6-948E9C30F3D7}.Release|iOS.Build.0 = Release|Any CPU
		{2B36B3B9-4EE1-490E-8EC6-948E9C30F3D7}.Release|Mixed Platforms.ActiveCfg = Release|Any CPU
		{2B36B3B9-4EE1-490E-8EC6-948E9C30F3D7}.Release|Mixed Platforms.Build.0 = Release|Any CPU
		{2B36B3B9-4EE1-490E-8EC6-948E9C30F3D7}.Release|Windows Phone (Universal).ActiveCfg = Release|Any CPU
		{2B36B3B9-4EE1-490E-8EC6-948E9C30F3D7}.Release|Windows Phone (Universal).Build.0 = Release|Any CPU
		{2B36B3B9-4EE1-490E-8EC6-948E9C30F3D7}.Release|Windows Phone 8.ActiveCfg = Release|Any CPU
		{2B36B3B9-4EE1-490E-8EC6-948E9C30F3D7}.Release|Windows Phone 8.Build.0 = Release|Any CPU
		{2B36B3B9-4EE1-490E-8EC6-948E9C30F3D7}.Release|Windows-AnyCPU.ActiveCfg = Release|Any CPU
		{2B36B3B9-4EE1-490E-8EC6-948E9C30F3D7}.Release|Windows-AnyCPU.Build.0 = Release|Any CPU
		{2B36B3B9-4EE1-490E-8EC6-948E9C30F3D7}.Release|Windows-ARM.ActiveCfg = Release|Any CPU
		{2B36B3B9-4EE1-490E-8EC6-948E9C30F3D7}.Release|Windows-ARM.Build.0 = Release|Any CPU
		{2B36B3B9-4EE1-490E-8EC6-948E9C30F3D7}.Release|Windows-x64.ActiveCfg = Release|Any CPU
		{2B36B3B9-4EE1-490E-8EC6-948E9C30F3D7}.Release|Windows-x64.Build.0 = Release|Any CPU
		{2B36B3B9-4EE1-490E-8EC6-948E9C30F3D7}.Release|Windows-x86.ActiveCfg = Release|Any CPU
		{2B36B3B9-4EE1-490E-8EC6-948E9C30F3D7}.Release|Windows-x86.Build.0 = Release|Any CPU
		{2B36B3B9-4EE1-490E-8EC6-948E9C30F3D7}.Release|x64.ActiveCfg = Release|Any CPU
		{2B36B3B9-4EE1-490E-8EC6-948E9C30F3D7}.Release|x64.Build.0 = Release|Any CPU
		{2B36B3B9-4EE1-490E-8EC6-948E9C30F3D7}.Release|x86.ActiveCfg = Release|Any CPU
		{2B36B3B9-4EE1-490E-8EC6-948E9C30F3D7}.Release|x86.Build.0 = Release|Any CPU
		{9AAF61B2-767B-426E-9068-8F6059E5AA53}.Debug|Android.ActiveCfg = Debug|Any CPU
		{9AAF61B2-767B-426E-9068-8F6059E5AA53}.Debug|Android.Build.0 = Debug|Any CPU
		{9AAF61B2-767B-426E-9068-8F6059E5AA53}.Debug|Any CPU.ActiveCfg = Debug|Any CPU
		{9AAF61B2-767B-426E-9068-8F6059E5AA53}.Debug|Any CPU.Build.0 = Debug|Any CPU
		{9AAF61B2-767B-426E-9068-8F6059E5AA53}.Debug|iOS.ActiveCfg = Debug|Any CPU
		{9AAF61B2-767B-426E-9068-8F6059E5AA53}.Debug|iOS.Build.0 = Debug|Any CPU
		{9AAF61B2-767B-426E-9068-8F6059E5AA53}.Debug|Mixed Platforms.ActiveCfg = Debug|Any CPU
		{9AAF61B2-767B-426E-9068-8F6059E5AA53}.Debug|Mixed Platforms.Build.0 = Debug|Any CPU
		{9AAF61B2-767B-426E-9068-8F6059E5AA53}.Debug|Windows Phone (Universal).ActiveCfg = Debug|Any CPU
		{9AAF61B2-767B-426E-9068-8F6059E5AA53}.Debug|Windows Phone (Universal).Build.0 = Debug|Any CPU
		{9AAF61B2-767B-426E-9068-8F6059E5AA53}.Debug|Windows Phone 8.ActiveCfg = Debug|Any CPU
		{9AAF61B2-767B-426E-9068-8F6059E5AA53}.Debug|Windows Phone 8.Build.0 = Debug|Any CPU
		{9AAF61B2-767B-426E-9068-8F6059E5AA53}.Debug|Windows-AnyCPU.ActiveCfg = Debug|Any CPU
		{9AAF61B2-767B-426E-9068-8F6059E5AA53}.Debug|Windows-AnyCPU.Build.0 = Debug|Any CPU
		{9AAF61B2-767B-426E-9068-8F6059E5AA53}.Debug|Windows-ARM.ActiveCfg = Debug|Any CPU
		{9AAF61B2-767B-426E-9068-8F6059E5AA53}.Debug|Windows-ARM.Build.0 = Debug|Any CPU
		{9AAF61B2-767B-426E-9068-8F6059E5AA53}.Debug|Windows-x64.ActiveCfg = Debug|Any CPU
		{9AAF61B2-767B-426E-9068-8F6059E5AA53}.Debug|Windows-x64.Build.0 = Debug|Any CPU
		{9AAF61B2-767B-426E-9068-8F6059E5AA53}.Debug|Windows-x86.ActiveCfg = Debug|Any CPU
		{9AAF61B2-767B-426E-9068-8F6059E5AA53}.Debug|Windows-x86.Build.0 = Debug|Any CPU
		{9AAF61B2-767B-426E-9068-8F6059E5AA53}.Debug|x64.ActiveCfg = Debug|Any CPU
		{9AAF61B2-767B-426E-9068-8F6059E5AA53}.Debug|x64.Build.0 = Debug|Any CPU
		{9AAF61B2-767B-426E-9068-8F6059E5AA53}.Debug|x86.ActiveCfg = Debug|Any CPU
		{9AAF61B2-767B-426E-9068-8F6059E5AA53}.Debug|x86.Build.0 = Debug|Any CPU
		{9AAF61B2-767B-426E-9068-8F6059E5AA53}.Release|Android.ActiveCfg = Release|Any CPU
		{9AAF61B2-767B-426E-9068-8F6059E5AA53}.Release|Android.Build.0 = Release|Any CPU
		{9AAF61B2-767B-426E-9068-8F6059E5AA53}.Release|Any CPU.ActiveCfg = Release|Any CPU
		{9AAF61B2-767B-426E-9068-8F6059E5AA53}.Release|Any CPU.Build.0 = Release|Any CPU
		{9AAF61B2-767B-426E-9068-8F6059E5AA53}.Release|iOS.ActiveCfg = Release|Any CPU
		{9AAF61B2-767B-426E-9068-8F6059E5AA53}.Release|iOS.Build.0 = Release|Any CPU
		{9AAF61B2-767B-426E-9068-8F6059E5AA53}.Release|Mixed Platforms.ActiveCfg = Release|Any CPU
		{9AAF61B2-767B-426E-9068-8F6059E5AA53}.Release|Mixed Platforms.Build.0 = Release|Any CPU
		{9AAF61B2-767B-426E-9068-8F6059E5AA53}.Release|Windows Phone (Universal).ActiveCfg = Release|Any CPU
		{9AAF61B2-767B-426E-9068-8F6059E5AA53}.Release|Windows Phone (Universal).Build.0 = Release|Any CPU
		{9AAF61B2-767B-426E-9068-8F6059E5AA53}.Release|Windows Phone 8.ActiveCfg = Release|Any CPU
		{9AAF61B2-767B-426E-9068-8F6059E5AA53}.Release|Windows Phone 8.Build.0 = Release|Any CPU
		{9AAF61B2-767B-426E-9068-8F6059E5AA53}.Release|Windows-AnyCPU.ActiveCfg = Release|Any CPU
		{9AAF61B2-767B-426E-9068-8F6059E5AA53}.Release|Windows-AnyCPU.Build.0 = Release|Any CPU
		{9AAF61B2-767B-426E-9068-8F6059E5AA53}.Release|Windows-ARM.ActiveCfg = Release|Any CPU
		{9AAF61B2-767B-426E-9068-8F6059E5AA53}.Release|Windows-ARM.Build.0 = Release|Any CPU
		{9AAF61B2-767B-426E-9068-8F6059E5AA53}.Release|Windows-x64.ActiveCfg = Release|Any CPU
		{9AAF61B2-767B-426E-9068-8F6059E5AA53}.Release|Windows-x64.Build.0 = Release|Any CPU
		{9AAF61B2-767B-426E-9068-8F6059E5AA53}.Release|Windows-x86.ActiveCfg = Release|Any CPU
		{9AAF61B2-767B-426E-9068-8F6059E5AA53}.Release|Windows-x86.Build.0 = Release|Any CPU
		{9AAF61B2-767B-426E-9068-8F6059E5AA53}.Release|x64.ActiveCfg = Release|Any CPU
		{9AAF61B2-767B-426E-9068-8F6059E5AA53}.Release|x64.Build.0 = Release|Any CPU
		{9AAF61B2-767B-426E-9068-8F6059E5AA53}.Release|x86.ActiveCfg = Release|Any CPU
		{9AAF61B2-767B-426E-9068-8F6059E5AA53}.Release|x86.Build.0 = Release|Any CPU
		{6B6F6753-A26D-4041-81B8-00AC31B47261}.Debug|Android.ActiveCfg = Debug|Any CPU
		{6B6F6753-A26D-4041-81B8-00AC31B47261}.Debug|Android.Build.0 = Debug|Any CPU
		{6B6F6753-A26D-4041-81B8-00AC31B47261}.Debug|Any CPU.ActiveCfg = Debug|Any CPU
		{6B6F6753-A26D-4041-81B8-00AC31B47261}.Debug|Any CPU.Build.0 = Debug|Any CPU
		{6B6F6753-A26D-4041-81B8-00AC31B47261}.Debug|iOS.ActiveCfg = Debug|Any CPU
		{6B6F6753-A26D-4041-81B8-00AC31B47261}.Debug|iOS.Build.0 = Debug|Any CPU
		{6B6F6753-A26D-4041-81B8-00AC31B47261}.Debug|Mixed Platforms.ActiveCfg = Debug|Any CPU
		{6B6F6753-A26D-4041-81B8-00AC31B47261}.Debug|Mixed Platforms.Build.0 = Debug|Any CPU
		{6B6F6753-A26D-4041-81B8-00AC31B47261}.Debug|Windows Phone (Universal).ActiveCfg = Debug|Any CPU
		{6B6F6753-A26D-4041-81B8-00AC31B47261}.Debug|Windows Phone (Universal).Build.0 = Debug|Any CPU
		{6B6F6753-A26D-4041-81B8-00AC31B47261}.Debug|Windows Phone 8.ActiveCfg = Debug|Any CPU
		{6B6F6753-A26D-4041-81B8-00AC31B47261}.Debug|Windows Phone 8.Build.0 = Debug|Any CPU
		{6B6F6753-A26D-4041-81B8-00AC31B47261}.Debug|Windows-AnyCPU.ActiveCfg = Debug|Any CPU
		{6B6F6753-A26D-4041-81B8-00AC31B47261}.Debug|Windows-AnyCPU.Build.0 = Debug|Any CPU
		{6B6F6753-A26D-4041-81B8-00AC31B47261}.Debug|Windows-ARM.ActiveCfg = Debug|Any CPU
		{6B6F6753-A26D-4041-81B8-00AC31B47261}.Debug|Windows-ARM.Build.0 = Debug|Any CPU
		{6B6F6753-A26D-4041-81B8-00AC31B47261}.Debug|Windows-x64.ActiveCfg = Debug|Any CPU
		{6B6F6753-A26D-4041-81B8-00AC31B47261}.Debug|Windows-x64.Build.0 = Debug|Any CPU
		{6B6F6753-A26D-4041-81B8-00AC31B47261}.Debug|Windows-x86.ActiveCfg = Debug|Any CPU
		{6B6F6753-A26D-4041-81B8-00AC31B47261}.Debug|Windows-x86.Build.0 = Debug|Any CPU
		{6B6F6753-A26D-4041-81B8-00AC31B47261}.Debug|x64.ActiveCfg = Debug|Any CPU
		{6B6F6753-A26D-4041-81B8-00AC31B47261}.Debug|x64.Build.0 = Debug|Any CPU
		{6B6F6753-A26D-4041-81B8-00AC31B47261}.Debug|x86.ActiveCfg = Debug|Any CPU
		{6B6F6753-A26D-4041-81B8-00AC31B47261}.Debug|x86.Build.0 = Debug|Any CPU
		{6B6F6753-A26D-4041-81B8-00AC31B47261}.Release|Android.ActiveCfg = Release|Any CPU
		{6B6F6753-A26D-4041-81B8-00AC31B47261}.Release|Android.Build.0 = Release|Any CPU
		{6B6F6753-A26D-4041-81B8-00AC31B47261}.Release|Any CPU.ActiveCfg = Release|Any CPU
		{6B6F6753-A26D-4041-81B8-00AC31B47261}.Release|Any CPU.Build.0 = Release|Any CPU
		{6B6F6753-A26D-4041-81B8-00AC31B47261}.Release|iOS.ActiveCfg = Release|Any CPU
		{6B6F6753-A26D-4041-81B8-00AC31B47261}.Release|iOS.Build.0 = Release|Any CPU
		{6B6F6753-A26D-4041-81B8-00AC31B47261}.Release|Mixed Platforms.ActiveCfg = Release|Any CPU
		{6B6F6753-A26D-4041-81B8-00AC31B47261}.Release|Mixed Platforms.Build.0 = Release|Any CPU
		{6B6F6753-A26D-4041-81B8-00AC31B47261}.Release|Windows Phone (Universal).ActiveCfg = Release|Any CPU
		{6B6F6753-A26D-4041-81B8-00AC31B47261}.Release|Windows Phone (Universal).Build.0 = Release|Any CPU
		{6B6F6753-A26D-4041-81B8-00AC31B47261}.Release|Windows Phone 8.ActiveCfg = Release|Any CPU
		{6B6F6753-A26D-4041-81B8-00AC31B47261}.Release|Windows Phone 8.Build.0 = Release|Any CPU
		{6B6F6753-A26D-4041-81B8-00AC31B47261}.Release|Windows-AnyCPU.ActiveCfg = Release|Any CPU
		{6B6F6753-A26D-4041-81B8-00AC31B47261}.Release|Windows-AnyCPU.Build.0 = Release|Any CPU
		{6B6F6753-A26D-4041-81B8-00AC31B47261}.Release|Windows-ARM.ActiveCfg = Release|Any CPU
		{6B6F6753-A26D-4041-81B8-00AC31B47261}.Release|Windows-ARM.Build.0 = Release|Any CPU
		{6B6F6753-A26D-4041-81B8-00AC31B47261}.Release|Windows-x64.ActiveCfg = Release|Any CPU
		{6B6F6753-A26D-4041-81B8-00AC31B47261}.Release|Windows-x64.Build.0 = Release|Any CPU
		{6B6F6753-A26D-4041-81B8-00AC31B47261}.Release|Windows-x86.ActiveCfg = Release|Any CPU
		{6B6F6753-A26D-4041-81B8-00AC31B47261}.Release|Windows-x86.Build.0 = Release|Any CPU
		{6B6F6753-A26D-4041-81B8-00AC31B47261}.Release|x64.ActiveCfg = Release|Any CPU
		{6B6F6753-A26D-4041-81B8-00AC31B47261}.Release|x64.Build.0 = Release|Any CPU
		{6B6F6753-A26D-4041-81B8-00AC31B47261}.Release|x86.ActiveCfg = Release|Any CPU
		{6B6F6753-A26D-4041-81B8-00AC31B47261}.Release|x86.Build.0 = Release|Any CPU
		{34350262-70D4-43ED-A5EC-AF7CB2765586}.Debug|Android.ActiveCfg = Debug|Any CPU
		{34350262-70D4-43ED-A5EC-AF7CB2765586}.Debug|Android.Build.0 = Debug|Any CPU
		{34350262-70D4-43ED-A5EC-AF7CB2765586}.Debug|Any CPU.ActiveCfg = Debug|Any CPU
		{34350262-70D4-43ED-A5EC-AF7CB2765586}.Debug|Any CPU.Build.0 = Debug|Any CPU
		{34350262-70D4-43ED-A5EC-AF7CB2765586}.Debug|iOS.ActiveCfg = Debug|Any CPU
		{34350262-70D4-43ED-A5EC-AF7CB2765586}.Debug|iOS.Build.0 = Debug|Any CPU
		{34350262-70D4-43ED-A5EC-AF7CB2765586}.Debug|Mixed Platforms.ActiveCfg = Debug|Any CPU
		{34350262-70D4-43ED-A5EC-AF7CB2765586}.Debug|Mixed Platforms.Build.0 = Debug|Any CPU
		{34350262-70D4-43ED-A5EC-AF7CB2765586}.Debug|Windows Phone (Universal).ActiveCfg = Debug|Any CPU
		{34350262-70D4-43ED-A5EC-AF7CB2765586}.Debug|Windows Phone (Universal).Build.0 = Debug|Any CPU
		{34350262-70D4-43ED-A5EC-AF7CB2765586}.Debug|Windows Phone 8.ActiveCfg = Debug|Any CPU
		{34350262-70D4-43ED-A5EC-AF7CB2765586}.Debug|Windows Phone 8.Build.0 = Debug|Any CPU
		{34350262-70D4-43ED-A5EC-AF7CB2765586}.Debug|Windows-AnyCPU.ActiveCfg = Debug|Any CPU
		{34350262-70D4-43ED-A5EC-AF7CB2765586}.Debug|Windows-AnyCPU.Build.0 = Debug|Any CPU
		{34350262-70D4-43ED-A5EC-AF7CB2765586}.Debug|Windows-ARM.ActiveCfg = Debug|Any CPU
		{34350262-70D4-43ED-A5EC-AF7CB2765586}.Debug|Windows-ARM.Build.0 = Debug|Any CPU
		{34350262-70D4-43ED-A5EC-AF7CB2765586}.Debug|Windows-x64.ActiveCfg = Debug|Any CPU
		{34350262-70D4-43ED-A5EC-AF7CB2765586}.Debug|Windows-x64.Build.0 = Debug|Any CPU
		{34350262-70D4-43ED-A5EC-AF7CB2765586}.Debug|Windows-x86.ActiveCfg = Debug|Any CPU
		{34350262-70D4-43ED-A5EC-AF7CB2765586}.Debug|Windows-x86.Build.0 = Debug|Any CPU
		{34350262-70D4-43ED-A5EC-AF7CB2765586}.Debug|x64.ActiveCfg = Debug|Any CPU
		{34350262-70D4-43ED-A5EC-AF7CB2765586}.Debug|x64.Build.0 = Debug|Any CPU
		{34350262-70D4-43ED-A5EC-AF7CB2765586}.Debug|x86.ActiveCfg = Debug|Any CPU
		{34350262-70D4-43ED-A5EC-AF7CB2765586}.Debug|x86.Build.0 = Debug|Any CPU
		{34350262-70D4-43ED-A5EC-AF7CB2765586}.Release|Android.ActiveCfg = Release|Any CPU
		{34350262-70D4-43ED-A5EC-AF7CB2765586}.Release|Android.Build.0 = Release|Any CPU
		{34350262-70D4-43ED-A5EC-AF7CB2765586}.Release|Any CPU.ActiveCfg = Release|Any CPU
		{34350262-70D4-43ED-A5EC-AF7CB2765586}.Release|Any CPU.Build.0 = Release|Any CPU
		{34350262-70D4-43ED-A5EC-AF7CB2765586}.Release|iOS.ActiveCfg = Release|Any CPU
		{34350262-70D4-43ED-A5EC-AF7CB2765586}.Release|iOS.Build.0 = Release|Any CPU
		{34350262-70D4-43ED-A5EC-AF7CB2765586}.Release|Mixed Platforms.ActiveCfg = Release|Any CPU
		{34350262-70D4-43ED-A5EC-AF7CB2765586}.Release|Mixed Platforms.Build.0 = Release|Any CPU
		{34350262-70D4-43ED-A5EC-AF7CB2765586}.Release|Windows Phone (Universal).ActiveCfg = Release|Any CPU
		{34350262-70D4-43ED-A5EC-AF7CB2765586}.Release|Windows Phone (Universal).Build.0 = Release|Any CPU
		{34350262-70D4-43ED-A5EC-AF7CB2765586}.Release|Windows Phone 8.ActiveCfg = Release|Any CPU
		{34350262-70D4-43ED-A5EC-AF7CB2765586}.Release|Windows Phone 8.Build.0 = Release|Any CPU
		{34350262-70D4-43ED-A5EC-AF7CB2765586}.Release|Windows-AnyCPU.ActiveCfg = Release|Any CPU
		{34350262-70D4-43ED-A5EC-AF7CB2765586}.Release|Windows-AnyCPU.Build.0 = Release|Any CPU
		{34350262-70D4-43ED-A5EC-AF7CB2765586}.Release|Windows-ARM.ActiveCfg = Release|Any CPU
		{34350262-70D4-43ED-A5EC-AF7CB2765586}.Release|Windows-ARM.Build.0 = Release|Any CPU
		{34350262-70D4-43ED-A5EC-AF7CB2765586}.Release|Windows-x64.ActiveCfg = Release|Any CPU
		{34350262-70D4-43ED-A5EC-AF7CB2765586}.Release|Windows-x64.Build.0 = Release|Any CPU
		{34350262-70D4-43ED-A5EC-AF7CB2765586}.Release|Windows-x86.ActiveCfg = Release|Any CPU
		{34350262-70D4-43ED-A5EC-AF7CB2765586}.Release|Windows-x86.Build.0 = Release|Any CPU
		{34350262-70D4-43ED-A5EC-AF7CB2765586}.Release|x64.ActiveCfg = Release|Any CPU
		{34350262-70D4-43ED-A5EC-AF7CB2765586}.Release|x64.Build.0 = Release|Any CPU
		{34350262-70D4-43ED-A5EC-AF7CB2765586}.Release|x86.ActiveCfg = Release|Any CPU
		{34350262-70D4-43ED-A5EC-AF7CB2765586}.Release|x86.Build.0 = Release|Any CPU
		{857BAB94-34E6-45F2-9C77-3E0B6EA2D732}.Debug|Android.ActiveCfg = Debug|Any CPU
		{857BAB94-34E6-45F2-9C77-3E0B6EA2D732}.Debug|Android.Build.0 = Debug|Any CPU
		{857BAB94-34E6-45F2-9C77-3E0B6EA2D732}.Debug|Any CPU.ActiveCfg = Debug|Any CPU
		{857BAB94-34E6-45F2-9C77-3E0B6EA2D732}.Debug|Any CPU.Build.0 = Debug|Any CPU
		{857BAB94-34E6-45F2-9C77-3E0B6EA2D732}.Debug|iOS.ActiveCfg = Debug|Any CPU
		{857BAB94-34E6-45F2-9C77-3E0B6EA2D732}.Debug|iOS.Build.0 = Debug|Any CPU
		{857BAB94-34E6-45F2-9C77-3E0B6EA2D732}.Debug|Mixed Platforms.ActiveCfg = Debug|Any CPU
		{857BAB94-34E6-45F2-9C77-3E0B6EA2D732}.Debug|Mixed Platforms.Build.0 = Debug|Any CPU
		{857BAB94-34E6-45F2-9C77-3E0B6EA2D732}.Debug|Windows Phone (Universal).ActiveCfg = Debug|Any CPU
		{857BAB94-34E6-45F2-9C77-3E0B6EA2D732}.Debug|Windows Phone (Universal).Build.0 = Debug|Any CPU
		{857BAB94-34E6-45F2-9C77-3E0B6EA2D732}.Debug|Windows Phone 8.ActiveCfg = Debug|Any CPU
		{857BAB94-34E6-45F2-9C77-3E0B6EA2D732}.Debug|Windows Phone 8.Build.0 = Debug|Any CPU
		{857BAB94-34E6-45F2-9C77-3E0B6EA2D732}.Debug|Windows-AnyCPU.ActiveCfg = Debug|Any CPU
		{857BAB94-34E6-45F2-9C77-3E0B6EA2D732}.Debug|Windows-AnyCPU.Build.0 = Debug|Any CPU
		{857BAB94-34E6-45F2-9C77-3E0B6EA2D732}.Debug|Windows-ARM.ActiveCfg = Debug|Any CPU
		{857BAB94-34E6-45F2-9C77-3E0B6EA2D732}.Debug|Windows-ARM.Build.0 = Debug|Any CPU
		{857BAB94-34E6-45F2-9C77-3E0B6EA2D732}.Debug|Windows-x64.ActiveCfg = Debug|Any CPU
		{857BAB94-34E6-45F2-9C77-3E0B6EA2D732}.Debug|Windows-x64.Build.0 = Debug|Any CPU
		{857BAB94-34E6-45F2-9C77-3E0B6EA2D732}.Debug|Windows-x86.ActiveCfg = Debug|Any CPU
		{857BAB94-34E6-45F2-9C77-3E0B6EA2D732}.Debug|Windows-x86.Build.0 = Debug|Any CPU
		{857BAB94-34E6-45F2-9C77-3E0B6EA2D732}.Debug|x64.ActiveCfg = Debug|Any CPU
		{857BAB94-34E6-45F2-9C77-3E0B6EA2D732}.Debug|x64.Build.0 = Debug|Any CPU
		{857BAB94-34E6-45F2-9C77-3E0B6EA2D732}.Debug|x86.ActiveCfg = Debug|Any CPU
		{857BAB94-34E6-45F2-9C77-3E0B6EA2D732}.Debug|x86.Build.0 = Debug|Any CPU
		{857BAB94-34E6-45F2-9C77-3E0B6EA2D732}.Release|Android.ActiveCfg = Release|Any CPU
		{857BAB94-34E6-45F2-9C77-3E0B6EA2D732}.Release|Android.Build.0 = Release|Any CPU
		{857BAB94-34E6-45F2-9C77-3E0B6EA2D732}.Release|Any CPU.ActiveCfg = Release|Any CPU
		{857BAB94-34E6-45F2-9C77-3E0B6EA2D732}.Release|Any CPU.Build.0 = Release|Any CPU
		{857BAB94-34E6-45F2-9C77-3E0B6EA2D732}.Release|iOS.ActiveCfg = Release|Any CPU
		{857BAB94-34E6-45F2-9C77-3E0B6EA2D732}.Release|iOS.Build.0 = Release|Any CPU
		{857BAB94-34E6-45F2-9C77-3E0B6EA2D732}.Release|Mixed Platforms.ActiveCfg = Release|Any CPU
		{857BAB94-34E6-45F2-9C77-3E0B6EA2D732}.Release|Mixed Platforms.Build.0 = Release|Any CPU
		{857BAB94-34E6-45F2-9C77-3E0B6EA2D732}.Release|Windows Phone (Universal).ActiveCfg = Release|Any CPU
		{857BAB94-34E6-45F2-9C77-3E0B6EA2D732}.Release|Windows Phone (Universal).Build.0 = Release|Any CPU
		{857BAB94-34E6-45F2-9C77-3E0B6EA2D732}.Release|Windows Phone 8.ActiveCfg = Release|Any CPU
		{857BAB94-34E6-45F2-9C77-3E0B6EA2D732}.Release|Windows Phone 8.Build.0 = Release|Any CPU
		{857BAB94-34E6-45F2-9C77-3E0B6EA2D732}.Release|Windows-AnyCPU.ActiveCfg = Release|Any CPU
		{857BAB94-34E6-45F2-9C77-3E0B6EA2D732}.Release|Windows-AnyCPU.Build.0 = Release|Any CPU
		{857BAB94-34E6-45F2-9C77-3E0B6EA2D732}.Release|Windows-ARM.ActiveCfg = Release|Any CPU
		{857BAB94-34E6-45F2-9C77-3E0B6EA2D732}.Release|Windows-ARM.Build.0 = Release|Any CPU
		{857BAB94-34E6-45F2-9C77-3E0B6EA2D732}.Release|Windows-x64.ActiveCfg = Release|Any CPU
		{857BAB94-34E6-45F2-9C77-3E0B6EA2D732}.Release|Windows-x64.Build.0 = Release|Any CPU
		{857BAB94-34E6-45F2-9C77-3E0B6EA2D732}.Release|Windows-x86.ActiveCfg = Release|Any CPU
		{857BAB94-34E6-45F2-9C77-3E0B6EA2D732}.Release|Windows-x86.Build.0 = Release|Any CPU
		{857BAB94-34E6-45F2-9C77-3E0B6EA2D732}.Release|x64.ActiveCfg = Release|Any CPU
		{857BAB94-34E6-45F2-9C77-3E0B6EA2D732}.Release|x64.Build.0 = Release|Any CPU
		{857BAB94-34E6-45F2-9C77-3E0B6EA2D732}.Release|x86.ActiveCfg = Release|Any CPU
		{857BAB94-34E6-45F2-9C77-3E0B6EA2D732}.Release|x86.Build.0 = Release|Any CPU
	EndGlobalSection
	GlobalSection(SolutionProperties) = preSolution
		HideSolutionNode = FALSE
	EndGlobalSection
	GlobalSection(ExtensibilityGlobals) = postSolution
		SolutionGuid = {6BBF17A0-1E28-426C-AC07-F76871086DB3}
	EndGlobalSection
EndGlobal
